// !$*UTF8*$!
{
	archiveVersion = 1;
	classes = {
	};
	objectVersion = 56;
	objects = {

/* Begin PBXBuildFile section */
		F5E091312A1A85720022807C /* BmiSliderApp.swift in Sources */ = {isa = PBXBuildFile; fileRef = F5E091302A1A85720022807C /* BmiSliderApp.swift */; };
		F5E091332A1A85720022807C /* ContentView.swift in Sources */ = {isa = PBXBuildFile; fileRef = F5E091322A1A85720022807C /* ContentView.swift */; };
		F5E091352A1A85730022807C /* Assets.xcassets in Resources */ = {isa = PBXBuildFile; fileRef = F5E091342A1A85730022807C /* Assets.xcassets */; };
		F5E091382A1A85730022807C /* Preview Assets.xcassets in Resources */ = {isa = PBXBuildFile; fileRef = F5E091372A1A85730022807C /* Preview Assets.xcassets */; };
		F5E091422A1A85740022807C /* BmiSliderTests.swift in Sources */ = {isa = PBXBuildFile; fileRef = F5E091412A1A85740022807C /* BmiSliderTests.swift */; };
		F5E0914C2A1A85740022807C /* BmiSliderUITests.swift in Sources */ = {isa = PBXBuildFile; fileRef = F5E0914B2A1A85740022807C /* BmiSliderUITests.swift */; };
		F5E0914E2A1A85740022807C /* BmiSliderUITestsLaunchTests.swift in Sources */ = {isa = PBXBuildFile; fileRef = F5E0914D2A1A85740022807C /* BmiSliderUITestsLaunchTests.swift */; };
/* End PBXBuildFile section */

/* Begin PBXContainerItemProxy section */
		F5E0913E2A1A85740022807C /* PBXContainerItemProxy */ = {
			isa = PBXContainerItemProxy;
			containerPortal = F5E091252A1A85720022807C /* Project object */;
			proxyType = 1;
			remoteGlobalIDString = F5E0912C2A1A85720022807C;
			remoteInfo = BmiSlider;
		};
		F5E091482A1A85740022807C /* PBXContainerItemProxy */ = {
			isa = PBXContainerItemProxy;
			containerPortal = F5E091252A1A85720022807C /* Project object */;
			proxyType = 1;
			remoteGlobalIDString = F5E0912C2A1A85720022807C;
			remoteInfo = BmiSlider;
		};
/* End PBXContainerItemProxy section */

/* Begin PBXFileReference section */
		F5E0912D2A1A85720022807C /* BmiSlider.app */ = {isa = PBXFileReference; explicitFileType = wrapper.application; includeInIndex = 0; path = BmiSlider.app; sourceTree = BUILT_PRODUCTS_DIR; };
		F5E091302A1A85720022807C /* BmiSliderApp.swift */ = {isa = PBXFileReference; lastKnownFileType = sourcecode.swift; path = BmiSliderApp.swift; sourceTree = "<group>"; };
		F5E091322A1A85720022807C /* ContentView.swift */ = {isa = PBXFileReference; lastKnownFileType = sourcecode.swift; path = ContentView.swift; sourceTree = "<group>"; };
		F5E091342A1A85730022807C /* Assets.xcassets */ = {isa = PBXFileReference; lastKnownFileType = folder.assetcatalog; path = Assets.xcassets; sourceTree = "<group>"; };
		F5E091372A1A85730022807C /* Preview Assets.xcassets */ = {isa = PBXFileReference; lastKnownFileType = folder.assetcatalog; path = "Preview Assets.xcassets"; sourceTree = "<group>"; };
		F5E0913D2A1A85740022807C /* BmiSliderTests.xctest */ = {isa = PBXFileReference; explicitFileType = wrapper.cfbundle; includeInIndex = 0; path = BmiSliderTests.xctest; sourceTree = BUILT_PRODUCTS_DIR; };
		F5E091412A1A85740022807C /* BmiSliderTests.swift */ = {isa = PBXFileReference; lastKnownFileType = sourcecode.swift; path = BmiSliderTests.swift; sourceTree = "<group>"; };
		F5E091472A1A85740022807C /* BmiSliderUITests.xctest */ = {isa = PBXFileReference; explicitFileType = wrapper.cfbundle; includeInIndex = 0; path = BmiSliderUITests.xctest; sourceTree = BUILT_PRODUCTS_DIR; };
		F5E0914B2A1A85740022807C /* BmiSliderUITests.swift */ = {isa = PBXFileReference; lastKnownFileType = sourcecode.swift; path = BmiSliderUITests.swift; sourceTree = "<group>"; };
		F5E0914D2A1A85740022807C /* BmiSliderUITestsLaunchTests.swift */ = {isa = PBXFileReference; lastKnownFileType = sourcecode.swift; path = BmiSliderUITestsLaunchTests.swift; sourceTree = "<group>"; };
/* End PBXFileReference section */

/* Begin PBXFrameworksBuildPhase section */
		F5E0912A2A1A85720022807C /* Frameworks */ = {
			isa = PBXFrameworksBuildPhase;
			buildActionMask = 2147483647;
			files = (
			);
			runOnlyForDeploymentPostprocessing = 0;
		};
		F5E0913A2A1A85740022807C /* Frameworks */ = {
			isa = PBXFrameworksBuildPhase;
			buildActionMask = 2147483647;
			files = (
			);
			runOnlyForDeploymentPostprocessing = 0;
		};
		F5E091442A1A85740022807C /* Frameworks */ = {
			isa = PBXFrameworksBuildPhase;
			buildActionMask = 2147483647;
			files = (
			);
			runOnlyForDeploymentPostprocessing = 0;
		};
/* End PBXFrameworksBuildPhase section */

/* Begin PBXGroup section */
		F5E091242A1A85720022807C = {
			isa = PBXGroup;
			children = (
				F5E0912F2A1A85720022807C /* BmiSlider */,
				F5E091402A1A85740022807C /* BmiSliderTests */,
				F5E0914A2A1A85740022807C /* BmiSliderUITests */,
				F5E0912E2A1A85720022807C /* Products */,
			);
			sourceTree = "<group>";
		};
		F5E0912E2A1A85720022807C /* Products */ = {
			isa = PBXGroup;
			children = (
				F5E0912D2A1A85720022807C /* BmiSlider.app */,
				F5E0913D2A1A85740022807C /* BmiSliderTests.xctest */,
				F5E091472A1A85740022807C /* BmiSliderUITests.xctest */,
			);
			name = Products;
			sourceTree = "<group>";
		};
		F5E0912F2A1A85720022807C /* BmiSlider */ = {
			isa = PBXGroup;
			children = (
				F5E091302A1A85720022807C /* BmiSliderApp.swift */,
				F5E091322A1A85720022807C /* ContentView.swift */,
				F5E091342A1A85730022807C /* Assets.xcassets */,
				F5E091362A1A85730022807C /* Preview Content */,
			);
			path = BmiSlider;
			sourceTree = "<group>";
		};
		F5E091362A1A85730022807C /* Preview Content */ = {
			isa = PBXGroup;
			children = (
				F5E091372A1A85730022807C /* Preview Assets.xcassets */,
			);
			path = "Preview Content";
			sourceTree = "<group>";
		};
		F5E091402A1A85740022807C /* BmiSliderTests */ = {
			isa = PBXGroup;
			children = (
				F5E091412A1A85740022807C /* BmiSliderTests.swift */,
			);
			path = BmiSliderTests;
			sourceTree = "<group>";
		};
		F5E0914A2A1A85740022807C /* BmiSliderUITests */ = {
			isa = PBXGroup;
			children = (
				F5E0914B2A1A85740022807C /* BmiSliderUITests.swift */,
				F5E0914D2A1A85740022807C /* BmiSliderUITestsLaunchTests.swift */,
			);
			path = BmiSliderUITests;
			sourceTree = "<group>";
		};
/* End PBXGroup section */

/* Begin PBXNativeTarget section */
		F5E0912C2A1A85720022807C /* BmiSlider */ = {
			isa = PBXNativeTarget;
			buildConfigurationList = F5E091512A1A85740022807C /* Build configuration list for PBXNativeTarget "BmiSlider" */;
			buildPhases = (
				F5E091292A1A85720022807C /* Sources */,
				F5E0912A2A1A85720022807C /* Frameworks */,
				F5E0912B2A1A85720022807C /* Resources */,
			);
			buildRules = (
			);
			dependencies = (
			);
			name = BmiSlider;
			productName = BmiSlider;
			productReference = F5E0912D2A1A85720022807C /* BmiSlider.app */;
			productType = "com.apple.product-type.application";
		};
		F5E0913C2A1A85740022807C /* BmiSliderTests */ = {
			isa = PBXNativeTarget;
			buildConfigurationList = F5E091542A1A85740022807C /* Build configuration list for PBXNativeTarget "BmiSliderTests" */;
			buildPhases = (
				F5E091392A1A85740022807C /* Sources */,
				F5E0913A2A1A85740022807C /* Frameworks */,
				F5E0913B2A1A85740022807C /* Resources */,
			);
			buildRules = (
			);
			dependencies = (
				F5E0913F2A1A85740022807C /* PBXTargetDependency */,
			);
			name = BmiSliderTests;
			productName = BmiSliderTests;
			productReference = F5E0913D2A1A85740022807C /* BmiSliderTests.xctest */;
			productType = "com.apple.product-type.bundle.unit-test";
		};
		F5E091462A1A85740022807C /* BmiSliderUITests */ = {
			isa = PBXNativeTarget;
			buildConfigurationList = F5E091572A1A85740022807C /* Build configuration list for PBXNativeTarget "BmiSliderUITests" */;
			buildPhases = (
				F5E091432A1A85740022807C /* Sources */,
				F5E091442A1A85740022807C /* Frameworks */,
				F5E091452A1A85740022807C /* Resources */,
			);
			buildRules = (
			);
			dependencies = (
				F5E091492A1A85740022807C /* PBXTargetDependency */,
			);
			name = BmiSliderUITests;
			productName = BmiSliderUITests;
			productReference = F5E091472A1A85740022807C /* BmiSliderUITests.xctest */;
			productType = "com.apple.product-type.bundle.ui-testing";
		};
/* End PBXNativeTarget section */

/* Begin PBXProject section */
		F5E091252A1A85720022807C /* Project object */ = {
			isa = PBXProject;
			attributes = {
				BuildIndependentTargetsInParallel = 1;
				LastSwiftUpdateCheck = 1430;
				LastUpgradeCheck = 1430;
				TargetAttributes = {
					F5E0912C2A1A85720022807C = {
						CreatedOnToolsVersion = 14.3;
					};
					F5E0913C2A1A85740022807C = {
						CreatedOnToolsVersion = 14.3;
						TestTargetID = F5E0912C2A1A85720022807C;
					};
					F5E091462A1A85740022807C = {
						CreatedOnToolsVersion = 14.3;
						TestTargetID = F5E0912C2A1A85720022807C;
					};
				};
			};
			buildConfigurationList = F5E091282A1A85720022807C /* Build configuration list for PBXProject "BmiSlider" */;
			compatibilityVersion = "Xcode 14.0";
			developmentRegion = en;
			hasScannedForEncodings = 0;
			knownRegions = (
				en,
				Base,
			);
			mainGroup = F5E091242A1A85720022807C;
			productRefGroup = F5E0912E2A1A85720022807C /* Products */;
			projectDirPath = "";
			projectRoot = "";
			targets = (
				F5E0912C2A1A85720022807C /* BmiSlider */,
				F5E0913C2A1A85740022807C /* BmiSliderTests */,
				F5E091462A1A85740022807C /* BmiSliderUITests */,
			);
		};
/* End PBXProject section */

/* Begin PBXResourcesBuildPhase section */
		F5E0912B2A1A85720022807C /* Resources */ = {
			isa = PBXResourcesBuildPhase;
			buildActionMask = 2147483647;
			files = (
				F5E091382A1A85730022807C /* Preview Assets.xcassets in Resources */,
				F5E091352A1A85730022807C /* Assets.xcassets in Resources */,
			);
			runOnlyForDeploymentPostprocessing = 0;
		};
		F5E0913B2A1A85740022807C /* Resources */ = {
			isa = PBXResourcesBuildPhase;
			buildActionMask = 2147483647;
			files = (
			);
			runOnlyForDeploymentPostprocessing = 0;
		};
		F5E091452A1A85740022807C /* Resources */ = {
			isa = PBXResourcesBuildPhase;
			buildActionMask = 2147483647;
			files = (
			);
			runOnlyForDeploymentPostprocessing = 0;
		};
/* End PBXResourcesBuildPhase section */

/* Begin PBXSourcesBuildPhase section */
		F5E091292A1A85720022807C /* Sources */ = {
			isa = PBXSourcesBuildPhase;
			buildActionMask = 2147483647;
			files = (
				F5E091332A1A85720022807C /* ContentView.swift in Sources */,
				F5E091312A1A85720022807C /* BmiSliderApp.swift in Sources */,
			);
			runOnlyForDeploymentPostprocessing = 0;
		};
		F5E091392A1A85740022807C /* Sources */ = {
			isa = PBXSourcesBuildPhase;
			buildActionMask = 2147483647;
			files = (
				F5E091422A1A85740022807C /* BmiSliderTests.swift in Sources */,
			);
			runOnlyForDeploymentPostprocessing = 0;
		};
		F5E091432A1A85740022807C /* Sources */ = {
			isa = PBXSourcesBuildPhase;
			buildActionMask = 2147483647;
			files = (
				F5E0914E2A1A85740022807C /* BmiSliderUITestsLaunchTests.swift in Sources */,
				F5E0914C2A1A85740022807C /* BmiSliderUITests.swift in Sources */,
			);
			runOnlyForDeploymentPostprocessing = 0;
		};
/* End PBXSourcesBuildPhase section */

/* Begin PBXTargetDependency section */
		F5E0913F2A1A85740022807C /* PBXTargetDependency */ = {
			isa = PBXTargetDependency;
			target = F5E0912C2A1A85720022807C /* BmiSlider */;
			targetProxy = F5E0913E2A1A85740022807C /* PBXContainerItemProxy */;
		};
		F5E091492A1A85740022807C /* PBXTargetDependency */ = {
			isa = PBXTargetDependency;
			target = F5E0912C2A1A85720022807C /* BmiSlider */;
			targetProxy = F5E091482A1A85740022807C /* PBXContainerItemProxy */;
		};
/* End PBXTargetDependency section */

/* Begin XCBuildConfiguration section */
		F5E0914F2A1A85740022807C /* Debug */ = {
			isa = XCBuildConfiguration;
			buildSettings = {
				ALWAYS_SEARCH_USER_PATHS = NO;
				CLANG_ANALYZER_NONNULL = YES;
				CLANG_ANALYZER_NUMBER_OBJECT_CONVERSION = YES_AGGRESSIVE;
				CLANG_CXX_LANGUAGE_STANDARD = "gnu++20";
				CLANG_ENABLE_MODULES = YES;
				CLANG_ENABLE_OBJC_ARC = YES;
				CLANG_ENABLE_OBJC_WEAK = YES;
				CLANG_WARN_BLOCK_CAPTURE_AUTORELEASING = YES;
				CLANG_WARN_BOOL_CONVERSION = YES;
				CLANG_WARN_COMMA = YES;
				CLANG_WARN_CONSTANT_CONVERSION = YES;
				CLANG_WARN_DEPRECATED_OBJC_IMPLEMENTATIONS = YES;
				CLANG_WARN_DIRECT_OBJC_ISA_USAGE = YES_ERROR;
				CLANG_WARN_DOCUMENTATION_COMMENTS = YES;
				CLANG_WARN_EMPTY_BODY = YES;
				CLANG_WARN_ENUM_CONVERSION = YES;
				CLANG_WARN_INFINITE_RECURSION = YES;
				CLANG_WARN_INT_CONVERSION = YES;
				CLANG_WARN_NON_LITERAL_NULL_CONVERSION = YES;
				CLANG_WARN_OBJC_IMPLICIT_RETAIN_SELF = YES;
				CLANG_WARN_OBJC_LITERAL_CONVERSION = YES;
				CLANG_WARN_OBJC_ROOT_CLASS = YES_ERROR;
				CLANG_WARN_QUOTED_INCLUDE_IN_FRAMEWORK_HEADER = YES;
				CLANG_WARN_RANGE_LOOP_ANALYSIS = YES;
				CLANG_WARN_STRICT_PROTOTYPES = YES;
				CLANG_WARN_SUSPICIOUS_MOVE = YES;
				CLANG_WARN_UNGUARDED_AVAILABILITY = YES_AGGRESSIVE;
				CLANG_WARN_UNREACHABLE_CODE = YES;
				CLANG_WARN__DUPLICATE_METHOD_MATCH = YES;
				COPY_PHASE_STRIP = NO;
				DEBUG_INFORMATION_FORMAT = dwarf;
				ENABLE_STRICT_OBJC_MSGSEND = YES;
				ENABLE_TESTABILITY = YES;
				GCC_C_LANGUAGE_STANDARD = gnu11;
				GCC_DYNAMIC_NO_PIC = NO;
				GCC_NO_COMMON_BLOCKS = YES;
				GCC_OPTIMIZATION_LEVEL = 0;
				GCC_PREPROCESSOR_DEFINITIONS = (
					"DEBUG=1",
					"$(inherited)",
				);
				GCC_WARN_64_TO_32_BIT_CONVERSION = YES;
				GCC_WARN_ABOUT_RETURN_TYPE = YES_ERROR;
				GCC_WARN_UNDECLARED_SELECTOR = YES;
				GCC_WARN_UNINITIALIZED_AUTOS = YES_AGGRESSIVE;
				GCC_WARN_UNUSED_FUNCTION = YES;
				GCC_WARN_UNUSED_VARIABLE = YES;
				IPHONEOS_DEPLOYMENT_TARGET = 16.4;
				MTL_ENABLE_DEBUG_INFO = INCLUDE_SOURCE;
				MTL_FAST_MATH = YES;
				ONLY_ACTIVE_ARCH = YES;
				SDKROOT = iphoneos;
				SWIFT_ACTIVE_COMPILATION_CONDITIONS = DEBUG;
				SWIFT_OPTIMIZATION_LEVEL = "-Onone";
			};
			name = Debug;
		};
		F5E091502A1A85740022807C /* Release */ = {
			isa = XCBuildConfiguration;
			buildSettings = {
				ALWAYS_SEARCH_USER_PATHS = NO;
				CLANG_ANALYZER_NONNULL = YES;
				CLANG_ANALYZER_NUMBER_OBJECT_CONVERSION = YES_AGGRESSIVE;
				CLANG_CXX_LANGUAGE_STANDARD = "gnu++20";
				CLANG_ENABLE_MODULES = YES;
				CLANG_ENABLE_OBJC_ARC = YES;
				CLANG_ENABLE_OBJC_WEAK = YES;
				CLANG_WARN_BLOCK_CAPTURE_AUTORELEASING = YES;
				CLANG_WARN_BOOL_CONVERSION = YES;
				CLANG_WARN_COMMA = YES;
				CLANG_WARN_CONSTANT_CONVERSION = YES;
				CLANG_WARN_DEPRECATED_OBJC_IMPLEMENTATIONS = YES;
				CLANG_WARN_DIRECT_OBJC_ISA_USAGE = YES_ERROR;
				CLANG_WARN_DOCUMENTATION_COMMENTS = YES;
				CLANG_WARN_EMPTY_BODY = YES;
				CLANG_WARN_ENUM_CONVERSION = YES;
				CLANG_WARN_INFINITE_RECURSION = YES;
				CLANG_WARN_INT_CONVERSION = YES;
				CLANG_WARN_NON_LITERAL_NULL_CONVERSION = YES;
				CLANG_WARN_OBJC_IMPLICIT_RETAIN_SELF = YES;
				CLANG_WARN_OBJC_LITERAL_CONVERSION = YES;
				CLANG_WARN_OBJC_ROOT_CLASS = YES_ERROR;
				CLANG_WARN_QUOTED_INCLUDE_IN_FRAMEWORK_HEADER = YES;
				CLANG_WARN_RANGE_LOOP_ANALYSIS = YES;
				CLANG_WARN_STRICT_PROTOTYPES = YES;
				CLANG_WARN_SUSPICIOUS_MOVE = YES;
				CLANG_WARN_UNGUARDED_AVAILABILITY = YES_AGGRESSIVE;
				CLANG_WARN_UNREACHABLE_CODE = YES;
				CLANG_WARN__DUPLICATE_METHOD_MATCH = YES;
				COPY_PHASE_STRIP = NO;
				DEBUG_INFORMATION_FORMAT = "dwarf-with-dsym";
				ENABLE_NS_ASSERTIONS = NO;
				ENABLE_STRICT_OBJC_MSGSEND = YES;
				GCC_C_LANGUAGE_STANDARD = gnu11;
				GCC_NO_COMMON_BLOCKS = YES;
				GCC_WARN_64_TO_32_BIT_CONVERSION = YES;
				GCC_WARN_ABOUT_RETURN_TYPE = YES_ERROR;
				GCC_WARN_UNDECLARED_SELECTOR = YES;
				GCC_WARN_UNINITIALIZED_AUTOS = YES_AGGRESSIVE;
				GCC_WARN_UNUSED_FUNCTION = YES;
				GCC_WARN_UNUSED_VARIABLE = YES;
				IPHONEOS_DEPLOYMENT_TARGET = 16.4;
				MTL_ENABLE_DEBUG_INFO = NO;
				MTL_FAST_MATH = YES;
				SDKROOT = iphoneos;
				SWIFT_COMPILATION_MODE = wholemodule;
				SWIFT_OPTIMIZATION_LEVEL = "-O";
				VALIDATE_PRODUCT = YES;
			};
			name = Release;
		};
		F5E091522A1A85740022807C /* Debug */ = {
			isa = XCBuildConfiguration;
			buildSettings = {
				ASSETCATALOG_COMPILER_APPICON_NAME = AppIcon;
				ASSETCATALOG_COMPILER_GLOBAL_ACCENT_COLOR_NAME = AccentColor;
				CODE_SIGN_STYLE = Automatic;
				CURRENT_PROJECT_VERSION = 1;
				DEVELOPMENT_ASSET_PATHS = "\"BmiSlider/Preview Content\"";
				DEVELOPMENT_TEAM = QFP5U2D9MM;
				ENABLE_PREVIEWS = YES;
				GENERATE_INFOPLIST_FILE = YES;
				INFOPLIST_KEY_UIApplicationSceneManifest_Generation = YES;
				INFOPLIST_KEY_UIApplicationSupportsIndirectInputEvents = YES;
				INFOPLIST_KEY_UILaunchScreen_Generation = YES;
				INFOPLIST_KEY_UISupportedInterfaceOrientations_iPad = "UIInterfaceOrientationPortrait UIInterfaceOrientationPortraitUpsideDown UIInterfaceOrientationLandscapeLeft UIInterfaceOrientationLandscapeRight";
				INFOPLIST_KEY_UISupportedInterfaceOrientations_iPhone = "UIInterfaceOrientationPortrait UIInterfaceOrientationLandscapeLeft UIInterfaceOrientationLandscapeRight";
				LD_RUNPATH_SEARCH_PATHS = (
					"$(inherited)",
					"@executable_path/Frameworks",
				);
				MARKETING_VERSION = 1.0;
				PRODUCT_BUNDLE_IDENTIFIER = com.shahad.BmiSlider;
				PRODUCT_NAME = "$(TARGET_NAME)";
				SWIFT_EMIT_LOC_STRINGS = YES;
				SWIFT_VERSION = 5.0;
				TARGETED_DEVICE_FAMILY = "1,2";
			};
			name = Debug;
		};
		F5E091532A1A85740022807C /* Release */ = {
			isa = XCBuildConfiguration;
			buildSettings = {
				ASSETCATALOG_COMPILER_APPICON_NAME = AppIcon;
				ASSETCATALOG_COMPILER_GLOBAL_ACCENT_COLOR_NAME = AccentColor;
				CODE_SIGN_STYLE = Automatic;
				CURRENT_PROJECT_VERSION = 1;
				DEVELOPMENT_ASSET_PATHS = "\"BmiSlider/Preview Content\"";
				DEVELOPMENT_TEAM = QFP5U2D9MM;
				ENABLE_PREVIEWS = YES;
				GENERATE_INFOPLIST_FILE = YES;
				INFOPLIST_KEY_UIApplicationSceneManifest_Generation = YES;
				INFOPLIST_KEY_UIApplicationSupportsIndirectInputEvents = YES;
				INFOPLIST_KEY_UILaunchScreen_Generation = YES;
				INFOPLIST_KEY_UISupportedInterfaceOrientations_iPad = "UIInterfaceOrientationPortrait UIInterfaceOrientationPortraitUpsideDown UIInterfaceOrientationLandscapeLeft UIInterfaceOrientationLandscapeRight";
				INFOPLIST_KEY_UISupportedInterfaceOrientations_iPhone = "UIInterfaceOrientationPortrait UIInterfaceOrientationLandscapeLeft UIInterfaceOrientationLandscapeRight";
				LD_RUNPATH_SEARCH_PATHS = (
					"$(inherited)",
					"@executable_path/Frameworks",
				);
				MARKETING_VERSION = 1.0;
				PRODUCT_BUNDLE_IDENTIFIER = com.shahad.BmiSlider;
				PRODUCT_NAME = "$(TARGET_NAME)";
				SWIFT_EMIT_LOC_STRINGS = YES;
				SWIFT_VERSION = 5.0;
				TARGETED_DEVICE_FAMILY = "1,2";
			};
			name = Release;
		};
		F5E091552A1A85740022807C /* Debug */ = {
			isa = XCBuildConfiguration;
			buildSettings = {
				ALWAYS_EMBED_SWIFT_STANDARD_LIBRARIES = YES;
				BUNDLE_LOADER = "$(TEST_HOST)";
				CODE_SIGN_STYLE = Automatic;
				CURRENT_PROJECT_VERSION = 1;
				DEVELOPMENT_TEAM = QFP5U2D9MM;
				GENERATE_INFOPLIST_FILE = YES;
				IPHONEOS_DEPLOYMENT_TARGET = 16.4;
				MARKETING_VERSION = 1.0;
				PRODUCT_BUNDLE_IDENTIFIER = com.shahad.BmiSliderTests;
				PRODUCT_NAME = "$(TARGET_NAME)";
				SWIFT_EMIT_LOC_STRINGS = NO;
				SWIFT_VERSION = 5.0;
				TARGETED_DEVICE_FAMILY = "1,2";
				TEST_HOST = "$(BUILT_PRODUCTS_DIR)/BmiSlider.app/$(BUNDLE_EXECUTABLE_FOLDER_PATH)/BmiSlider";
			};
			name = Debug;
		};
		F5E091562A1A85740022807C /* Release */ = {
			isa = XCBuildConfiguration;
			buildSettings = {
				ALWAYS_EMBED_SWIFT_STANDARD_LIBRARIES = YES;
				BUNDLE_LOADER = "$(TEST_HOST)";
				CODE_SIGN_STYLE = Automatic;
				CURRENT_PROJECT_VERSION = 1;
				DEVELOPMENT_TEAM = QFP5U2D9MM;
				GENERATE_INFOPLIST_FILE = YES;
				IPHONEOS_DEPLOYMENT_TARGET = 16.4;
				MARKETING_VERSION = 1.0;
				PRODUCT_BUNDLE_IDENTIFIER = com.shahad.BmiSliderTests;
				PRODUCT_NAME = "$(TARGET_NAME)";
				SWIFT_EMIT_LOC_STRINGS = NO;
				SWIFT_VERSION = 5.0;
				TARGETED_DEVICE_FAMILY = "1,2";
				TEST_HOST = "$(BUILT_PRODUCTS_DIR)/BmiSlider.app/$(BUNDLE_EXECUTABLE_FOLDER_PATH)/BmiSlider";
			};
			name = Release;
		};
		F5E091582A1A85740022807C /* Debug */ = {
			isa = XCBuildConfiguration;
			buildSettings = {
				ALWAYS_EMBED_SWIFT_STANDARD_LIBRARIES = YES;
				CODE_SIGN_STYLE = Automatic;
				CURRENT_PROJECT_VERSION = 1;
				DEVELOPMENT_TEAM = QFP5U2D9MM;
				GENERATE_INFOPLIST_FILE = YES;
				MARKETING_VERSION = 1.0;
				PRODUCT_BUNDLE_IDENTIFIER = com.shahad.BmiSliderUITests;
				PRODUCT_NAME = "$(TARGET_NAME)";
				SWIFT_EMIT_LOC_STRINGS = NO;
				SWIFT_VERSION = 5.0;
				TARGETED_DEVICE_FAMILY = "1,2";
				TEST_TARGET_NAME = BmiSlider;
			};
			name = Debug;
		};
		F5E091592A1A85740022807C /* Release */ = {
			isa = XCBuildConfiguration;
			buildSettings = {
				ALWAYS_EMBED_SWIFT_STANDARD_LIBRARIES = YES;
				CODE_SIGN_STYLE = Automatic;
				CURRENT_PROJECT_VERSION = 1;
				DEVELOPMENT_TEAM = QFP5U2D9MM;
				GENERATE_INFOPLIST_FILE = YES;
				MARKETING_VERSION = 1.0;
				PRODUCT_BUNDLE_IDENTIFIER = com.shahad.BmiSliderUITests;
				PRODUCT_NAME = "$(TARGET_NAME)";
				SWIFT_EMIT_LOC_STRINGS = NO;
				SWIFT_VERSION = 5.0;
				TARGETED_DEVICE_FAMILY = "1,2";
				TEST_TARGET_NAME = BmiSlider;
			};
			name = Release;
		};
/* End XCBuildConfiguration section */

/* Begin XCConfigurationList section */
		F5E091282A1A85720022807C /* Build configuration list for PBXProject "BmiSlider" */ = {
			isa = XCConfigurationList;
			buildConfigurations = (
				F5E0914F2A1A85740022807C /* Debug */,
				F5E091502A1A85740022807C /* Release */,
			);
			defaultConfigurationIsVisible = 0;
			defaultConfigurationName = Release;
		};
		F5E091512A1A85740022807C /* Build configuration list for PBXNativeTarget "BmiSlider" */ = {
			isa = XCConfigurationList;
			buildConfigurations = (
				F5E091522A1A85740022807C /* Debug */,
				F5E091532A1A85740022807C /* Release */,
			);
			defaultConfigurationIsVisible = 0;
			defaultConfigurationName = Release;
		};
		F5E091542A1A85740022807C /* Build configuration list for PBXNativeTarget "BmiSliderTests" */ = {
			isa = XCConfigurationList;
			buildConfigurations = (
				F5E091552A1A85740022807C /* Debug */,
				F5E091562A1A85740022807C /* Release */,
			);
			defaultConfigurationIsVisible = 0;
			defaultConfigurationName = Release;
		};
		F5E091572A1A85740022807C /* Build configuration list for PBXNativeTarget "BmiSliderUITests" */ = {
			isa = XCConfigurationList;
			buildConfigurations = (
				F5E091582A1A85740022807C /* Debug */,
				F5E091592A1A85740022807C /* Release */,
			);
			defaultConfigurationIsVisible = 0;
			defaultConfigurationName = Release;
		};
/* End XCConfigurationList section */
	};
	rootObject = F5E091252A1A85720022807C /* Project object */;
}
