// !$*UTF8*$!
{
	archiveVersion = 1;
	classes = {
	};
	objectVersion = 56;
	objects = {

/* Begin PBXBuildFile section */
		F5E091692A1B02180022807C /* InterfaceApp.swift in Sources */ = {isa = PBXBuildFile; fileRef = F5E091682A1B02180022807C /* InterfaceApp.swift */; };
		F5E0916B2A1B02180022807C /* ContentView.swift in Sources */ = {isa = PBXBuildFile; fileRef = F5E0916A2A1B02180022807C /* ContentView.swift */; };
		F5E0916D2A1B021A0022807C /* Assets.xcassets in Resources */ = {isa = PBXBuildFile; fileRef = F5E0916C2A1B021A0022807C /* Assets.xcassets */; };
		F5E091702A1B021A0022807C /* Preview Assets.xcassets in Resources */ = {isa = PBXBuildFile; fileRef = F5E0916F2A1B021A0022807C /* Preview Assets.xcassets */; };
		F5E0917A2A1B021A0022807C /* InterfaceTests.swift in Sources */ = {isa = PBXBuildFile; fileRef = F5E091792A1B021A0022807C /* InterfaceTests.swift */; };
		F5E091842A1B021A0022807C /* InterfaceUITests.swift in Sources */ = {isa = PBXBuildFile; fileRef = F5E091832A1B021A0022807C /* InterfaceUITests.swift */; };
		F5E091862A1B021A0022807C /* InterfaceUITestsLaunchTests.swift in Sources */ = {isa = PBXBuildFile; fileRef = F5E091852A1B021A0022807C /* InterfaceUITestsLaunchTests.swift */; };
		F5E091932A1B025D0022807C /* SplashScreenView.swift in Sources */ = {isa = PBXBuildFile; fileRef = F5E091922A1B025D0022807C /* SplashScreenView.swift */; };
		F5E091952A1B02880022807C /* OnBording.swift in Sources */ = {isa = PBXBuildFile; fileRef = F5E091942A1B02880022807C /* OnBording.swift */; };
		F5E091992A1B068D0022807C /* OnBoardingItem.swift in Sources */ = {isa = PBXBuildFile; fileRef = F5E091982A1B068D0022807C /* OnBoardingItem.swift */; };
		F5E0919B2A1B0E0F0022807C /* OnBoardinf2.swift in Sources */ = {isa = PBXBuildFile; fileRef = F5E0919A2A1B0E0F0022807C /* OnBoardinf2.swift */; };
		F5E0919D2A1B0E460022807C /* OnBoarding1.swift in Sources */ = {isa = PBXBuildFile; fileRef = F5E0919C2A1B0E460022807C /* OnBoarding1.swift */; };
/* End PBXBuildFile section */

/* Begin PBXContainerItemProxy section */
		F5E091762A1B021A0022807C /* PBXContainerItemProxy */ = {
			isa = PBXContainerItemProxy;
			containerPortal = F5E0915D2A1B02180022807C /* Project object */;
			proxyType = 1;
			remoteGlobalIDString = F5E091642A1B02180022807C;
			remoteInfo = Interface;
		};
		F5E091802A1B021A0022807C /* PBXContainerItemProxy */ = {
			isa = PBXContainerItemProxy;
			containerPortal = F5E0915D2A1B02180022807C /* Project object */;
			proxyType = 1;
			remoteGlobalIDString = F5E091642A1B02180022807C;
			remoteInfo = Interface;
		};
/* End PBXContainerItemProxy section */

/* Begin PBXFileReference section */
		F5E091652A1B02180022807C /* Interface.app */ = {isa = PBXFileReference; explicitFileType = wrapper.application; includeInIndex = 0; path = Interface.app; sourceTree = BUILT_PRODUCTS_DIR; };
		F5E091682A1B02180022807C /* InterfaceApp.swift */ = {isa = PBXFileReference; lastKnownFileType = sourcecode.swift; path = InterfaceApp.swift; sourceTree = "<group>"; };
		F5E0916A2A1B02180022807C /* ContentView.swift */ = {isa = PBXFileReference; lastKnownFileType = sourcecode.swift; path = ContentView.swift; sourceTree = "<group>"; };
		F5E0916C2A1B021A0022807C /* Assets.xcassets */ = {isa = PBXFileReference; lastKnownFileType = folder.assetcatalog; path = Assets.xcassets; sourceTree = "<group>"; };
		F5E0916F2A1B021A0022807C /* Preview Assets.xcassets */ = {isa = PBXFileReference; lastKnownFileType = folder.assetcatalog; path = "Preview Assets.xcassets"; sourceTree = "<group>"; };
		F5E091752A1B021A0022807C /* InterfaceTests.xctest */ = {isa = PBXFileReference; explicitFileType = wrapper.cfbundle; includeInIndex = 0; path = InterfaceTests.xctest; sourceTree = BUILT_PRODUCTS_DIR; };
		F5E091792A1B021A0022807C /* InterfaceTests.swift */ = {isa = PBXFileReference; lastKnownFileType = sourcecode.swift; path = InterfaceTests.swift; sourceTree = "<group>"; };
		F5E0917F2A1B021A0022807C /* InterfaceUITests.xctest */ = {isa = PBXFileReference; explicitFileType = wrapper.cfbundle; includeInIndex = 0; path = InterfaceUITests.xctest; sourceTree = BUILT_PRODUCTS_DIR; };
		F5E091832A1B021A0022807C /* InterfaceUITests.swift */ = {isa = PBXFileReference; lastKnownFileType = sourcecode.swift; path = InterfaceUITests.swift; sourceTree = "<group>"; };
		F5E091852A1B021A0022807C /* InterfaceUITestsLaunchTests.swift */ = {isa = PBXFileReference; lastKnownFileType = sourcecode.swift; path = InterfaceUITestsLaunchTests.swift; sourceTree = "<group>"; };
		F5E091922A1B025D0022807C /* SplashScreenView.swift */ = {isa = PBXFileReference; lastKnownFileType = sourcecode.swift; path = SplashScreenView.swift; sourceTree = "<group>"; };
		F5E091942A1B02880022807C /* OnBording.swift */ = {isa = PBXFileReference; lastKnownFileType = sourcecode.swift; path = OnBording.swift; sourceTree = "<group>"; };
		F5E091982A1B068D0022807C /* OnBoardingItem.swift */ = {isa = PBXFileReference; lastKnownFileType = sourcecode.swift; path = OnBoardingItem.swift; sourceTree = "<group>"; };
		F5E0919A2A1B0E0F0022807C /* OnBoardinf2.swift */ = {isa = PBXFileReference; lastKnownFileType = sourcecode.swift; path = OnBoardinf2.swift; sourceTree = "<group>"; };
		F5E0919C2A1B0E460022807C /* OnBoarding1.swift */ = {isa = PBXFileReference; lastKnownFileType = sourcecode.swift; path = OnBoarding1.swift; sourceTree = "<group>"; };
/* End PBXFileReference section */

/* Begin PBXFrameworksBuildPhase section */
		F5E091622A1B02180022807C /* Frameworks */ = {
			isa = PBXFrameworksBuildPhase;
			buildActionMask = 2147483647;
			files = (
			);
			runOnlyForDeploymentPostprocessing = 0;
		};
		F5E091722A1B021A0022807C /* Frameworks */ = {
			isa = PBXFrameworksBuildPhase;
			buildActionMask = 2147483647;
			files = (
			);
			runOnlyForDeploymentPostprocessing = 0;
		};
		F5E0917C2A1B021A0022807C /* Frameworks */ = {
			isa = PBXFrameworksBuildPhase;
			buildActionMask = 2147483647;
			files = (
			);
			runOnlyForDeploymentPostprocessing = 0;
		};
/* End PBXFrameworksBuildPhase section */

/* Begin PBXGroup section */
		F5E0915C2A1B02180022807C = {
			isa = PBXGroup;
			children = (
				F5E091672A1B02180022807C /* Interface */,
				F5E091782A1B021A0022807C /* InterfaceTests */,
				F5E091822A1B021A0022807C /* InterfaceUITests */,
				F5E091662A1B02180022807C /* Products */,
			);
			sourceTree = "<group>";
		};
		F5E091662A1B02180022807C /* Products */ = {
			isa = PBXGroup;
			children = (
				F5E091652A1B02180022807C /* Interface.app */,
				F5E091752A1B021A0022807C /* InterfaceTests.xctest */,
				F5E0917F2A1B021A0022807C /* InterfaceUITests.xctest */,
			);
			name = Products;
			sourceTree = "<group>";
		};
		F5E091672A1B02180022807C /* Interface */ = {
			isa = PBXGroup;
			children = (
				F5E091682A1B02180022807C /* InterfaceApp.swift */,
				F5E091922A1B025D0022807C /* SplashScreenView.swift */,
				F5E091942A1B02880022807C /* OnBording.swift */,
				F5E091982A1B068D0022807C /* OnBoardingItem.swift */,
				F5E0916A2A1B02180022807C /* ContentView.swift */,
				F5E0919A2A1B0E0F0022807C /* OnBoardinf2.swift */,
				F5E0919C2A1B0E460022807C /* OnBoarding1.swift */,
				F5E0916C2A1B021A0022807C /* Assets.xcassets */,
				F5E0916E2A1B021A0022807C /* Preview Content */,
			);
			path = Interface;
			sourceTree = "<group>";
		};
		F5E0916E2A1B021A0022807C /* Preview Content */ = {
			isa = PBXGroup;
			children = (
				F5E0916F2A1B021A0022807C /* Preview Assets.xcassets */,
			);
			path = "Preview Content";
			sourceTree = "<group>";
		};
		F5E091782A1B021A0022807C /* InterfaceTests */ = {
			isa = PBXGroup;
			children = (
				F5E091792A1B021A0022807C /* InterfaceTests.swift */,
			);
			path = InterfaceTests;
			sourceTree = "<group>";
		};
		F5E091822A1B021A0022807C /* InterfaceUITests */ = {
			isa = PBXGroup;
			children = (
				F5E091832A1B021A0022807C /* InterfaceUITests.swift */,
				F5E091852A1B021A0022807C /* InterfaceUITestsLaunchTests.swift */,
			);
			path = InterfaceUITests;
			sourceTree = "<group>";
		};
/* End PBXGroup section */

/* Begin PBXNativeTarget section */
		F5E091642A1B02180022807C /* Interface */ = {
			isa = PBXNativeTarget;
			buildConfigurationList = F5E091892A1B021A0022807C /* Build configuration list for PBXNativeTarget "Interface" */;
			buildPhases = (
				F5E091612A1B02180022807C /* Sources */,
				F5E091622A1B02180022807C /* Frameworks */,
				F5E091632A1B02180022807C /* Resources */,
			);
			buildRules = (
			);
			dependencies = (
			);
			name = Interface;
			productName = Interface;
			productReference = F5E091652A1B02180022807C /* Interface.app */;
			productType = "com.apple.product-type.application";
		};
		F5E091742A1B021A0022807C /* InterfaceTests */ = {
			isa = PBXNativeTarget;
			buildConfigurationList = F5E0918C2A1B021A0022807C /* Build configuration list for PBXNativeTarget "InterfaceTests" */;
			buildPhases = (
				F5E091712A1B021A0022807C /* Sources */,
				F5E091722A1B021A0022807C /* Frameworks */,
				F5E091732A1B021A0022807C /* Resources */,
			);
			buildRules = (
			);
			dependencies = (
				F5E091772A1B021A0022807C /* PBXTargetDependency */,
			);
			name = InterfaceTests;
			productName = InterfaceTests;
			productReference = F5E091752A1B021A0022807C /* InterfaceTests.xctest */;
			productType = "com.apple.product-type.bundle.unit-test";
		};
		F5E0917E2A1B021A0022807C /* InterfaceUITests */ = {
			isa = PBXNativeTarget;
			buildConfigurationList = F5E0918F2A1B021A0022807C /* Build configuration list for PBXNativeTarget "InterfaceUITests" */;
			buildPhases = (
				F5E0917B2A1B021A0022807C /* Sources */,
				F5E0917C2A1B021A0022807C /* Frameworks */,
				F5E0917D2A1B021A0022807C /* Resources */,
			);
			buildRules = (
			);
			dependencies = (
				F5E091812A1B021A0022807C /* PBXTargetDependency */,
			);
			name = InterfaceUITests;
			productName = InterfaceUITests;
			productReference = F5E0917F2A1B021A0022807C /* InterfaceUITests.xctest */;
			productType = "com.apple.product-type.bundle.ui-testing";
		};
/* End PBXNativeTarget section */

/* Begin PBXProject section */
		F5E0915D2A1B02180022807C /* Project object */ = {
			isa = PBXProject;
			attributes = {
				BuildIndependentTargetsInParallel = 1;
				LastSwiftUpdateCheck = 1430;
				LastUpgradeCheck = 1430;
				TargetAttributes = {
					F5E091642A1B02180022807C = {
						CreatedOnToolsVersion = 14.3;
					};
					F5E091742A1B021A0022807C = {
						CreatedOnToolsVersion = 14.3;
						TestTargetID = F5E091642A1B02180022807C;
					};
					F5E0917E2A1B021A0022807C = {
						CreatedOnToolsVersion = 14.3;
						TestTargetID = F5E091642A1B02180022807C;
					};
				};
			};
			buildConfigurationList = F5E091602A1B02180022807C /* Build configuration list for PBXProject "Interface" */;
			compatibilityVersion = "Xcode 14.0";
			developmentRegion = en;
			hasScannedForEncodings = 0;
			knownRegions = (
				en,
				Base,
			);
			mainGroup = F5E0915C2A1B02180022807C;
			productRefGroup = F5E091662A1B02180022807C /* Products */;
			projectDirPath = "";
			projectRoot = "";
			targets = (
				F5E091642A1B02180022807C /* Interface */,
				F5E091742A1B021A0022807C /* InterfaceTests */,
				F5E0917E2A1B021A0022807C /* InterfaceUITests */,
			);
		};
/* End PBXProject section */

/* Begin PBXResourcesBuildPhase section */
		F5E091632A1B02180022807C /* Resources */ = {
			isa = PBXResourcesBuildPhase;
			buildActionMask = 2147483647;
			files = (
				F5E091702A1B021A0022807C /* Preview Assets.xcassets in Resources */,
				F5E0916D2A1B021A0022807C /* Assets.xcassets in Resources */,
			);
			runOnlyForDeploymentPostprocessing = 0;
		};
		F5E091732A1B021A0022807C /* Resources */ = {
			isa = PBXResourcesBuildPhase;
			buildActionMask = 2147483647;
			files = (
			);
			runOnlyForDeploymentPostprocessing = 0;
		};
		F5E0917D2A1B021A0022807C /* Resources */ = {
			isa = PBXResourcesBuildPhase;
			buildActionMask = 2147483647;
			files = (
			);
			runOnlyForDeploymentPostprocessing = 0;
		};
/* End PBXResourcesBuildPhase section */

/* Begin PBXSourcesBuildPhase section */
		F5E091612A1B02180022807C /* Sources */ = {
			isa = PBXSourcesBuildPhase;
			buildActionMask = 2147483647;
			files = (
				F5E091952A1B02880022807C /* OnBording.swift in Sources */,
				F5E0916B2A1B02180022807C /* ContentView.swift in Sources */,
				F5E0919B2A1B0E0F0022807C /* OnBoardinf2.swift in Sources */,
				F5E0919D2A1B0E460022807C /* OnBoarding1.swift in Sources */,
				F5E091992A1B068D0022807C /* OnBoardingItem.swift in Sources */,
				F5E091692A1B02180022807C /* InterfaceApp.swift in Sources */,
				F5E091932A1B025D0022807C /* SplashScreenView.swift in Sources */,
			);
			runOnlyForDeploymentPostprocessing = 0;
		};
		F5E091712A1B021A0022807C /* Sources */ = {
			isa = PBXSourcesBuildPhase;
			buildActionMask = 2147483647;
			files = (
				F5E0917A2A1B021A0022807C /* InterfaceTests.swift in Sources */,
			);
			runOnlyForDeploymentPostprocessing = 0;
		};
		F5E0917B2A1B021A0022807C /* Sources */ = {
			isa = PBXSourcesBuildPhase;
			buildActionMask = 2147483647;
			files = (
				F5E091862A1B021A0022807C /* InterfaceUITestsLaunchTests.swift in Sources */,
				F5E091842A1B021A0022807C /* InterfaceUITests.swift in Sources */,
			);
			runOnlyForDeploymentPostprocessing = 0;
		};
/* End PBXSourcesBuildPhase section */

/* Begin PBXTargetDependency section */
		F5E091772A1B021A0022807C /* PBXTargetDependency */ = {
			isa = PBXTargetDependency;
			target = F5E091642A1B02180022807C /* Interface */;
			targetProxy = F5E091762A1B021A0022807C /* PBXContainerItemProxy */;
		};
		F5E091812A1B021A0022807C /* PBXTargetDependency */ = {
			isa = PBXTargetDependency;
			target = F5E091642A1B02180022807C /* Interface */;
			targetProxy = F5E091802A1B021A0022807C /* PBXContainerItemProxy */;
		};
/* End PBXTargetDependency section */

/* Begin XCBuildConfiguration section */
		F5E091872A1B021A0022807C /* Debug */ = {
			isa = XCBuildConfiguration;
			buildSettings = {
				ALWAYS_SEARCH_USER_PATHS = NO;
				CLANG_ANALYZER_NONNULL = YES;
				CLANG_ANALYZER_NUMBER_OBJECT_CONVERSION = YES_AGGRESSIVE;
				CLANG_CXX_LANGUAGE_STANDARD = "gnu++20";
				CLANG_ENABLE_MODULES = YES;
				CLANG_ENABLE_OBJC_ARC = YES;
				CLANG_ENABLE_OBJC_WEAK = YES;
				CLANG_WARN_BLOCK_CAPTURE_AUTORELEASING = YES;
				CLANG_WARN_BOOL_CONVERSION = YES;
				CLANG_WARN_COMMA = YES;
				CLANG_WARN_CONSTANT_CONVERSION = YES;
				CLANG_WARN_DEPRECATED_OBJC_IMPLEMENTATIONS = YES;
				CLANG_WARN_DIRECT_OBJC_ISA_USAGE = YES_ERROR;
				CLANG_WARN_DOCUMENTATION_COMMENTS = YES;
				CLANG_WARN_EMPTY_BODY = YES;
				CLANG_WARN_ENUM_CONVERSION = YES;
				CLANG_WARN_INFINITE_RECURSION = YES;
				CLANG_WARN_INT_CONVERSION = YES;
				CLANG_WARN_NON_LITERAL_NULL_CONVERSION = YES;
				CLANG_WARN_OBJC_IMPLICIT_RETAIN_SELF = YES;
				CLANG_WARN_OBJC_LITERAL_CONVERSION = YES;
				CLANG_WARN_OBJC_ROOT_CLASS = YES_ERROR;
				CLANG_WARN_QUOTED_INCLUDE_IN_FRAMEWORK_HEADER = YES;
				CLANG_WARN_RANGE_LOOP_ANALYSIS = YES;
				CLANG_WARN_STRICT_PROTOTYPES = YES;
				CLANG_WARN_SUSPICIOUS_MOVE = YES;
				CLANG_WARN_UNGUARDED_AVAILABILITY = YES_AGGRESSIVE;
				CLANG_WARN_UNREACHABLE_CODE = YES;
				CLANG_WARN__DUPLICATE_METHOD_MATCH = YES;
				COPY_PHASE_STRIP = NO;
				DEBUG_INFORMATION_FORMAT = dwarf;
				ENABLE_STRICT_OBJC_MSGSEND = YES;
				ENABLE_TESTABILITY = YES;
				GCC_C_LANGUAGE_STANDARD = gnu11;
				GCC_DYNAMIC_NO_PIC = NO;
				GCC_NO_COMMON_BLOCKS = YES;
				GCC_OPTIMIZATION_LEVEL = 0;
				GCC_PREPROCESSOR_DEFINITIONS = (
					"DEBUG=1",
					"$(inherited)",
				);
				GCC_WARN_64_TO_32_BIT_CONVERSION = YES;
				GCC_WARN_ABOUT_RETURN_TYPE = YES_ERROR;
				GCC_WARN_UNDECLARED_SELECTOR = YES;
				GCC_WARN_UNINITIALIZED_AUTOS = YES_AGGRESSIVE;
				GCC_WARN_UNUSED_FUNCTION = YES;
				GCC_WARN_UNUSED_VARIABLE = YES;
				IPHONEOS_DEPLOYMENT_TARGET = 16.4;
				MTL_ENABLE_DEBUG_INFO = INCLUDE_SOURCE;
				MTL_FAST_MATH = YES;
				ONLY_ACTIVE_ARCH = YES;
				SDKROOT = iphoneos;
				SWIFT_ACTIVE_COMPILATION_CONDITIONS = DEBUG;
				SWIFT_OPTIMIZATION_LEVEL = "-Onone";
			};
			name = Debug;
		};
		F5E091882A1B021A0022807C /* Release */ = {
			isa = XCBuildConfiguration;
			buildSettings = {
				ALWAYS_SEARCH_USER_PATHS = NO;
				CLANG_ANALYZER_NONNULL = YES;
				CLANG_ANALYZER_NUMBER_OBJECT_CONVERSION = YES_AGGRESSIVE;
				CLANG_CXX_LANGUAGE_STANDARD = "gnu++20";
				CLANG_ENABLE_MODULES = YES;
				CLANG_ENABLE_OBJC_ARC = YES;
				CLANG_ENABLE_OBJC_WEAK = YES;
				CLANG_WARN_BLOCK_CAPTURE_AUTORELEASING = YES;
				CLANG_WARN_BOOL_CONVERSION = YES;
				CLANG_WARN_COMMA = YES;
				CLANG_WARN_CONSTANT_CONVERSION = YES;
				CLANG_WARN_DEPRECATED_OBJC_IMPLEMENTATIONS = YES;
				CLANG_WARN_DIRECT_OBJC_ISA_USAGE = YES_ERROR;
				CLANG_WARN_DOCUMENTATION_COMMENTS = YES;
				CLANG_WARN_EMPTY_BODY = YES;
				CLANG_WARN_ENUM_CONVERSION = YES;
				CLANG_WARN_INFINITE_RECURSION = YES;
				CLANG_WARN_INT_CONVERSION = YES;
				CLANG_WARN_NON_LITERAL_NULL_CONVERSION = YES;
				CLANG_WARN_OBJC_IMPLICIT_RETAIN_SELF = YES;
				CLANG_WARN_OBJC_LITERAL_CONVERSION = YES;
				CLANG_WARN_OBJC_ROOT_CLASS = YES_ERROR;
				CLANG_WARN_QUOTED_INCLUDE_IN_FRAMEWORK_HEADER = YES;
				CLANG_WARN_RANGE_LOOP_ANALYSIS = YES;
				CLANG_WARN_STRICT_PROTOTYPES = YES;
				CLANG_WARN_SUSPICIOUS_MOVE = YES;
				CLANG_WARN_UNGUARDED_AVAILABILITY = YES_AGGRESSIVE;
				CLANG_WARN_UNREACHABLE_CODE = YES;
				CLANG_WARN__DUPLICATE_METHOD_MATCH = YES;
				COPY_PHASE_STRIP = NO;
				DEBUG_INFORMATION_FORMAT = "dwarf-with-dsym";
				ENABLE_NS_ASSERTIONS = NO;
				ENABLE_STRICT_OBJC_MSGSEND = YES;
				GCC_C_LANGUAGE_STANDARD = gnu11;
				GCC_NO_COMMON_BLOCKS = YES;
				GCC_WARN_64_TO_32_BIT_CONVERSION = YES;
				GCC_WARN_ABOUT_RETURN_TYPE = YES_ERROR;
				GCC_WARN_UNDECLARED_SELECTOR = YES;
				GCC_WARN_UNINITIALIZED_AUTOS = YES_AGGRESSIVE;
				GCC_WARN_UNUSED_FUNCTION = YES;
				GCC_WARN_UNUSED_VARIABLE = YES;
				IPHONEOS_DEPLOYMENT_TARGET = 16.4;
				MTL_ENABLE_DEBUG_INFO = NO;
				MTL_FAST_MATH = YES;
				SDKROOT = iphoneos;
				SWIFT_COMPILATION_MODE = wholemodule;
				SWIFT_OPTIMIZATION_LEVEL = "-O";
				VALIDATE_PRODUCT = YES;
			};
			name = Release;
		};
		F5E0918A2A1B021A0022807C /* Debug */ = {
			isa = XCBuildConfiguration;
			buildSettings = {
				ASSETCATALOG_COMPILER_APPICON_NAME = AppIcon;
				ASSETCATALOG_COMPILER_GLOBAL_ACCENT_COLOR_NAME = AccentColor;
				CODE_SIGN_STYLE = Automatic;
				CURRENT_PROJECT_VERSION = 1;
				DEVELOPMENT_ASSET_PATHS = "\"Interface/Preview Content\"";
				DEVELOPMENT_TEAM = QFP5U2D9MM;
				ENABLE_PREVIEWS = YES;
				GENERATE_INFOPLIST_FILE = YES;
				INFOPLIST_KEY_UIApplicationSceneManifest_Generation = YES;
				INFOPLIST_KEY_UIApplicationSupportsIndirectInputEvents = YES;
				INFOPLIST_KEY_UILaunchScreen_Generation = YES;
				INFOPLIST_KEY_UISupportedInterfaceOrientations_iPad = "UIInterfaceOrientationPortrait UIInterfaceOrientationPortraitUpsideDown UIInterfaceOrientationLandscapeLeft UIInterfaceOrientationLandscapeRight";
				INFOPLIST_KEY_UISupportedInterfaceOrientations_iPhone = "UIInterfaceOrientationPortrait UIInterfaceOrientationLandscapeLeft UIInterfaceOrientationLandscapeRight";
				LD_RUNPATH_SEARCH_PATHS = (
					"$(inherited)",
					"@executable_path/Frameworks",
				);
				MARKETING_VERSION = 1.0;
				PRODUCT_BUNDLE_IDENTIFIER = com.shahad.Interface;
				PRODUCT_NAME = "$(TARGET_NAME)";
				SWIFT_EMIT_LOC_STRINGS = YES;
				SWIFT_VERSION = 5.0;
				TARGETED_DEVICE_FAMILY = "1,2";
			};
			name = Debug;
		};
		F5E0918B2A1B021A0022807C /* Release */ = {
			isa = XCBuildConfiguration;
			buildSettings = {
				ASSETCATALOG_COMPILER_APPICON_NAME = AppIcon;
				ASSETCATALOG_COMPILER_GLOBAL_ACCENT_COLOR_NAME = AccentColor;
				CODE_SIGN_STYLE = Automatic;
				CURRENT_PROJECT_VERSION = 1;
				DEVELOPMENT_ASSET_PATHS = "\"Interface/Preview Content\"";
				DEVELOPMENT_TEAM = QFP5U2D9MM;
				ENABLE_PREVIEWS = YES;
				GENERATE_INFOPLIST_FILE = YES;
				INFOPLIST_KEY_UIApplicationSceneManifest_Generation = YES;
				INFOPLIST_KEY_UIApplicationSupportsIndirectInputEvents = YES;
				INFOPLIST_KEY_UILaunchScreen_Generation = YES;
				INFOPLIST_KEY_UISupportedInterfaceOrientations_iPad = "UIInterfaceOrientationPortrait UIInterfaceOrientationPortraitUpsideDown UIInterfaceOrientationLandscapeLeft UIInterfaceOrientationLandscapeRight";
				INFOPLIST_KEY_UISupportedInterfaceOrientations_iPhone = "UIInterfaceOrientationPortrait UIInterfaceOrientationLandscapeLeft UIInterfaceOrientationLandscapeRight";
				LD_RUNPATH_SEARCH_PATHS = (
					"$(inherited)",
					"@executable_path/Frameworks",
				);
				MARKETING_VERSION = 1.0;
				PRODUCT_BUNDLE_IDENTIFIER = com.shahad.Interface;
				PRODUCT_NAME = "$(TARGET_NAME)";
				SWIFT_EMIT_LOC_STRINGS = YES;
				SWIFT_VERSION = 5.0;
				TARGETED_DEVICE_FAMILY = "1,2";
			};
			name = Release;
		};
		F5E0918D2A1B021A0022807C /* Debug */ = {
			isa = XCBuildConfiguration;
			buildSettings = {
				ALWAYS_EMBED_SWIFT_STANDARD_LIBRARIES = YES;
				BUNDLE_LOADER = "$(TEST_HOST)";
				CODE_SIGN_STYLE = Automatic;
				CURRENT_PROJECT_VERSION = 1;
				DEVELOPMENT_TEAM = QFP5U2D9MM;
				GENERATE_INFOPLIST_FILE = YES;
				IPHONEOS_DEPLOYMENT_TARGET = 16.4;
				MARKETING_VERSION = 1.0;
				PRODUCT_BUNDLE_IDENTIFIER = com.shahad.InterfaceTests;
				PRODUCT_NAME = "$(TARGET_NAME)";
				SWIFT_EMIT_LOC_STRINGS = NO;
				SWIFT_VERSION = 5.0;
				TARGETED_DEVICE_FAMILY = "1,2";
				TEST_HOST = "$(BUILT_PRODUCTS_DIR)/Interface.app/$(BUNDLE_EXECUTABLE_FOLDER_PATH)/Interface";
			};
			name = Debug;
		};
		F5E0918E2A1B021A0022807C /* Release */ = {
			isa = XCBuildConfiguration;
			buildSettings = {
				ALWAYS_EMBED_SWIFT_STANDARD_LIBRARIES = YES;
				BUNDLE_LOADER = "$(TEST_HOST)";
				CODE_SIGN_STYLE = Automatic;
				CURRENT_PROJECT_VERSION = 1;
				DEVELOPMENT_TEAM = QFP5U2D9MM;
				GENERATE_INFOPLIST_FILE = YES;
				IPHONEOS_DEPLOYMENT_TARGET = 16.4;
				MARKETING_VERSION = 1.0;
				PRODUCT_BUNDLE_IDENTIFIER = com.shahad.InterfaceTests;
				PRODUCT_NAME = "$(TARGET_NAME)";
				SWIFT_EMIT_LOC_STRINGS = NO;
				SWIFT_VERSION = 5.0;
				TARGETED_DEVICE_FAMILY = "1,2";
				TEST_HOST = "$(BUILT_PRODUCTS_DIR)/Interface.app/$(BUNDLE_EXECUTABLE_FOLDER_PATH)/Interface";
			};
			name = Release;
		};
		F5E091902A1B021A0022807C /* Debug */ = {
			isa = XCBuildConfiguration;
			buildSettings = {
				ALWAYS_EMBED_SWIFT_STANDARD_LIBRARIES = YES;
				CODE_SIGN_STYLE = Automatic;
				CURRENT_PROJECT_VERSION = 1;
				DEVELOPMENT_TEAM = QFP5U2D9MM;
				GENERATE_INFOPLIST_FILE = YES;
				MARKETING_VERSION = 1.0;
				PRODUCT_BUNDLE_IDENTIFIER = com.shahad.InterfaceUITests;
				PRODUCT_NAME = "$(TARGET_NAME)";
				SWIFT_EMIT_LOC_STRINGS = NO;
				SWIFT_VERSION = 5.0;
				TARGETED_DEVICE_FAMILY = "1,2";
				TEST_TARGET_NAME = Interface;
			};
			name = Debug;
		};
		F5E091912A1B021A0022807C /* Release */ = {
			isa = XCBuildConfiguration;
			buildSettings = {
				ALWAYS_EMBED_SWIFT_STANDARD_LIBRARIES = YES;
				CODE_SIGN_STYLE = Automatic;
				CURRENT_PROJECT_VERSION = 1;
				DEVELOPMENT_TEAM = QFP5U2D9MM;
				GENERATE_INFOPLIST_FILE = YES;
				MARKETING_VERSION = 1.0;
				PRODUCT_BUNDLE_IDENTIFIER = com.shahad.InterfaceUITests;
				PRODUCT_NAME = "$(TARGET_NAME)";
				SWIFT_EMIT_LOC_STRINGS = NO;
				SWIFT_VERSION = 5.0;
				TARGETED_DEVICE_FAMILY = "1,2";
				TEST_TARGET_NAME = Interface;
			};
			name = Release;
		};
/* End XCBuildConfiguration section */

/* Begin XCConfigurationList section */
		F5E091602A1B02180022807C /* Build configuration list for PBXProject "Interface" */ = {
			isa = XCConfigurationList;
			buildConfigurations = (
				F5E091872A1B021A0022807C /* Debug */,
				F5E091882A1B021A0022807C /* Release */,
			);
			defaultConfigurationIsVisible = 0;
			defaultConfigurationName = Release;
		};
		F5E091892A1B021A0022807C /* Build configuration list for PBXNativeTarget "Interface" */ = {
			isa = XCConfigurationList;
			buildConfigurations = (
				F5E0918A2A1B021A0022807C /* Debug */,
				F5E0918B2A1B021A0022807C /* Release */,
			);
			defaultConfigurationIsVisible = 0;
			defaultConfigurationName = Release;
		};
		F5E0918C2A1B021A0022807C /* Build configuration list for PBXNativeTarget "InterfaceTests" */ = {
			isa = XCConfigurationList;
			buildConfigurations = (
				F5E0918D2A1B021A0022807C /* Debug */,
				F5E0918E2A1B021A0022807C /* Release */,
			);
			defaultConfigurationIsVisible = 0;
			defaultConfigurationName = Release;
		};
		F5E0918F2A1B021A0022807C /* Build configuration list for PBXNativeTarget "InterfaceUITests" */ = {
			isa = XCConfigurationList;
			buildConfigurations = (
				F5E091902A1B021A0022807C /* Debug */,
				F5E091912A1B021A0022807C /* Release */,
			);
			defaultConfigurationIsVisible = 0;
			defaultConfigurationName = Release;
		};
/* End XCConfigurationList section */
	};
	rootObject = F5E0915D2A1B02180022807C /* Project object */;
}
