// !$*UTF8*$!
{
	archiveVersion = 1;
	classes = {
	};
	objectVersion = 56;
	objects = {

/* Begin PBXBuildFile section */
		F5E7FB3C2A167C9800018BC0 /* TelegramAppApp.swift in Sources */ = {isa = PBXBuildFile; fileRef = F5E7FB3B2A167C9800018BC0 /* TelegramAppApp.swift */; };
		F5E7FB3E2A167C9800018BC0 /* ContentView.swift in Sources */ = {isa = PBXBuildFile; fileRef = F5E7FB3D2A167C9800018BC0 /* ContentView.swift */; };
		F5E7FB402A167C9A00018BC0 /* Assets.xcassets in Resources */ = {isa = PBXBuildFile; fileRef = F5E7FB3F2A167C9A00018BC0 /* Assets.xcassets */; };
		F5E7FB432A167C9A00018BC0 /* Preview Assets.xcassets in Resources */ = {isa = PBXBuildFile; fileRef = F5E7FB422A167C9A00018BC0 /* Preview Assets.xcassets */; };
		F5E7FB4D2A167C9A00018BC0 /* TelegramAppTests.swift in Sources */ = {isa = PBXBuildFile; fileRef = F5E7FB4C2A167C9A00018BC0 /* TelegramAppTests.swift */; };
		F5E7FB572A167C9A00018BC0 /* TelegramAppUITests.swift in Sources */ = {isa = PBXBuildFile; fileRef = F5E7FB562A167C9A00018BC0 /* TelegramAppUITests.swift */; };
		F5E7FB592A167C9A00018BC0 /* TelegramAppUITestsLaunchTests.swift in Sources */ = {isa = PBXBuildFile; fileRef = F5E7FB582A167C9A00018BC0 /* TelegramAppUITestsLaunchTests.swift */; };
		F5E7FB6A2A17CA8000018BC0 /* OnBoardingView.swift in Sources */ = {isa = PBXBuildFile; fileRef = F5E7FB692A17CA8000018BC0 /* OnBoardingView.swift */; };
		F5E7FB6C2A17CBA400018BC0 /* OnbordingItem.swift in Sources */ = {isa = PBXBuildFile; fileRef = F5E7FB6B2A17CBA400018BC0 /* OnbordingItem.swift */; };
		F5E7FB6E2A17E1BE00018BC0 /* StartMessaging.swift in Sources */ = {isa = PBXBuildFile; fileRef = F5E7FB6D2A17E1BE00018BC0 /* StartMessaging.swift */; };
		F5E7FBA62A181FD700018BC0 /* CountrySearch.swift in Sources */ = {isa = PBXBuildFile; fileRef = F5E7FBA52A181FD700018BC0 /* CountrySearch.swift */; };
		F5E7FC4E2A18D5D300018BC0 /* OtpCode.swift in Sources */ = {isa = PBXBuildFile; fileRef = F5E7FC4D2A18D5D300018BC0 /* OtpCode.swift */; };
		F5E7FC502A18D9D800018BC0 /* OtpTextField.swift in Sources */ = {isa = PBXBuildFile; fileRef = F5E7FC4F2A18D9D800018BC0 /* OtpTextField.swift */; };
		F5E7FC522A18E30A00018BC0 /* HomePage.swift in Sources */ = {isa = PBXBuildFile; fileRef = F5E7FC512A18E30A00018BC0 /* HomePage.swift */; };
		F5E7FC542A18EDA400018BC0 /* ContactsView.swift in Sources */ = {isa = PBXBuildFile; fileRef = F5E7FC532A18EDA400018BC0 /* ContactsView.swift */; };
		F5E7FC562A18EDB600018BC0 /* ChatsView.swift in Sources */ = {isa = PBXBuildFile; fileRef = F5E7FC552A18EDB600018BC0 /* ChatsView.swift */; };
		F5E7FC582A18EDC400018BC0 /* SettingsView.swift in Sources */ = {isa = PBXBuildFile; fileRef = F5E7FC572A18EDC400018BC0 /* SettingsView.swift */; };
		F5E7FC5C2A19C4DE00018BC0 /* ImagePicker.swift in Sources */ = {isa = PBXBuildFile; fileRef = F5E7FC5B2A19C4DE00018BC0 /* ImagePicker.swift */; };
/* End PBXBuildFile section */

/* Begin PBXContainerItemProxy section */
		F5E7FB492A167C9A00018BC0 /* PBXContainerItemProxy */ = {
			isa = PBXContainerItemProxy;
			containerPortal = F5E7FB302A167C9800018BC0 /* Project object */;
			proxyType = 1;
			remoteGlobalIDString = F5E7FB372A167C9800018BC0;
			remoteInfo = TelegramApp;
		};
		F5E7FB532A167C9A00018BC0 /* PBXContainerItemProxy */ = {
			isa = PBXContainerItemProxy;
			containerPortal = F5E7FB302A167C9800018BC0 /* Project object */;
			proxyType = 1;
			remoteGlobalIDString = F5E7FB372A167C9800018BC0;
			remoteInfo = TelegramApp;
		};
/* End PBXContainerItemProxy section */

/* Begin PBXFileReference section */
		F5E7FB382A167C9800018BC0 /* TelegramApp.app */ = {isa = PBXFileReference; explicitFileType = wrapper.application; includeInIndex = 0; path = TelegramApp.app; sourceTree = BUILT_PRODUCTS_DIR; };
		F5E7FB3B2A167C9800018BC0 /* TelegramAppApp.swift */ = {isa = PBXFileReference; lastKnownFileType = sourcecode.swift; path = TelegramAppApp.swift; sourceTree = "<group>"; };
		F5E7FB3D2A167C9800018BC0 /* ContentView.swift */ = {isa = PBXFileReference; lastKnownFileType = sourcecode.swift; path = ContentView.swift; sourceTree = "<group>"; };
		F5E7FB3F2A167C9A00018BC0 /* Assets.xcassets */ = {isa = PBXFileReference; lastKnownFileType = folder.assetcatalog; path = Assets.xcassets; sourceTree = "<group>"; };
		F5E7FB422A167C9A00018BC0 /* Preview Assets.xcassets */ = {isa = PBXFileReference; lastKnownFileType = folder.assetcatalog; path = "Preview Assets.xcassets"; sourceTree = "<group>"; };
		F5E7FB482A167C9A00018BC0 /* TelegramAppTests.xctest */ = {isa = PBXFileReference; explicitFileType = wrapper.cfbundle; includeInIndex = 0; path = TelegramAppTests.xctest; sourceTree = BUILT_PRODUCTS_DIR; };
		F5E7FB4C2A167C9A00018BC0 /* TelegramAppTests.swift */ = {isa = PBXFileReference; lastKnownFileType = sourcecode.swift; path = TelegramAppTests.swift; sourceTree = "<group>"; };
		F5E7FB522A167C9A00018BC0 /* TelegramAppUITests.xctest */ = {isa = PBXFileReference; explicitFileType = wrapper.cfbundle; includeInIndex = 0; path = TelegramAppUITests.xctest; sourceTree = BUILT_PRODUCTS_DIR; };
		F5E7FB562A167C9A00018BC0 /* TelegramAppUITests.swift */ = {isa = PBXFileReference; lastKnownFileType = sourcecode.swift; path = TelegramAppUITests.swift; sourceTree = "<group>"; };
		F5E7FB582A167C9A00018BC0 /* TelegramAppUITestsLaunchTests.swift */ = {isa = PBXFileReference; lastKnownFileType = sourcecode.swift; path = TelegramAppUITestsLaunchTests.swift; sourceTree = "<group>"; };
		F5E7FB692A17CA8000018BC0 /* OnBoardingView.swift */ = {isa = PBXFileReference; lastKnownFileType = sourcecode.swift; path = OnBoardingView.swift; sourceTree = "<group>"; };
		F5E7FB6B2A17CBA400018BC0 /* OnbordingItem.swift */ = {isa = PBXFileReference; lastKnownFileType = sourcecode.swift; path = OnbordingItem.swift; sourceTree = "<group>"; };
		F5E7FB6D2A17E1BE00018BC0 /* StartMessaging.swift */ = {isa = PBXFileReference; lastKnownFileType = sourcecode.swift; path = StartMessaging.swift; sourceTree = "<group>"; };
		F5E7FBA52A181FD700018BC0 /* CountrySearch.swift */ = {isa = PBXFileReference; lastKnownFileType = sourcecode.swift; path = CountrySearch.swift; sourceTree = "<group>"; };
		F5E7FC4D2A18D5D300018BC0 /* OtpCode.swift */ = {isa = PBXFileReference; lastKnownFileType = sourcecode.swift; path = OtpCode.swift; sourceTree = "<group>"; };
		F5E7FC4F2A18D9D800018BC0 /* OtpTextField.swift */ = {isa = PBXFileReference; lastKnownFileType = sourcecode.swift; path = OtpTextField.swift; sourceTree = "<group>"; };
		F5E7FC512A18E30A00018BC0 /* HomePage.swift */ = {isa = PBXFileReference; lastKnownFileType = sourcecode.swift; path = HomePage.swift; sourceTree = "<group>"; };
		F5E7FC532A18EDA400018BC0 /* ContactsView.swift */ = {isa = PBXFileReference; lastKnownFileType = sourcecode.swift; path = ContactsView.swift; sourceTree = "<group>"; };
		F5E7FC552A18EDB600018BC0 /* ChatsView.swift */ = {isa = PBXFileReference; lastKnownFileType = sourcecode.swift; path = ChatsView.swift; sourceTree = "<group>"; };
		F5E7FC572A18EDC400018BC0 /* SettingsView.swift */ = {isa = PBXFileReference; lastKnownFileType = sourcecode.swift; path = SettingsView.swift; sourceTree = "<group>"; };
		F5E7FC5B2A19C4DE00018BC0 /* ImagePicker.swift */ = {isa = PBXFileReference; lastKnownFileType = sourcecode.swift; path = ImagePicker.swift; sourceTree = "<group>"; };
/* End PBXFileReference section */

/* Begin PBXFrameworksBuildPhase section */
		F5E7FB352A167C9800018BC0 /* Frameworks */ = {
			isa = PBXFrameworksBuildPhase;
			buildActionMask = 2147483647;
			files = (
			);
			runOnlyForDeploymentPostprocessing = 0;
		};
		F5E7FB452A167C9A00018BC0 /* Frameworks */ = {
			isa = PBXFrameworksBuildPhase;
			buildActionMask = 2147483647;
			files = (
			);
			runOnlyForDeploymentPostprocessing = 0;
		};
		F5E7FB4F2A167C9A00018BC0 /* Frameworks */ = {
			isa = PBXFrameworksBuildPhase;
			buildActionMask = 2147483647;
			files = (
			);
			runOnlyForDeploymentPostprocessing = 0;
		};
/* End PBXFrameworksBuildPhase section */

/* Begin PBXGroup section */
		F5E7FB2F2A167C9800018BC0 = {
			isa = PBXGroup;
			children = (
				F5E7FB3A2A167C9800018BC0 /* TelegramApp */,
				F5E7FB4B2A167C9A00018BC0 /* TelegramAppTests */,
				F5E7FB552A167C9A00018BC0 /* TelegramAppUITests */,
				F5E7FB392A167C9800018BC0 /* Products */,
			);
			sourceTree = "<group>";
		};
		F5E7FB392A167C9800018BC0 /* Products */ = {
			isa = PBXGroup;
			children = (
				F5E7FB382A167C9800018BC0 /* TelegramApp.app */,
				F5E7FB482A167C9A00018BC0 /* TelegramAppTests.xctest */,
				F5E7FB522A167C9A00018BC0 /* TelegramAppUITests.xctest */,
			);
			name = Products;
			sourceTree = "<group>";
		};
		F5E7FB3A2A167C9800018BC0 /* TelegramApp */ = {
			isa = PBXGroup;
			children = (
				F5E7FB3B2A167C9800018BC0 /* TelegramAppApp.swift */,
				F5E7FBA52A181FD700018BC0 /* CountrySearch.swift */,
				F5E7FB692A17CA8000018BC0 /* OnBoardingView.swift */,
				F5E7FB3D2A167C9800018BC0 /* ContentView.swift */,
				F5E7FB6B2A17CBA400018BC0 /* OnbordingItem.swift */,
				F5E7FB6D2A17E1BE00018BC0 /* StartMessaging.swift */,
				F5E7FC4D2A18D5D300018BC0 /* OtpCode.swift */,
				F5E7FC4F2A18D9D800018BC0 /* OtpTextField.swift */,
				F5E7FC512A18E30A00018BC0 /* HomePage.swift */,
				F5E7FC532A18EDA400018BC0 /* ContactsView.swift */,
				F5E7FC552A18EDB600018BC0 /* ChatsView.swift */,
				F5E7FC5B2A19C4DE00018BC0 /* ImagePicker.swift */,
				F5E7FC572A18EDC400018BC0 /* SettingsView.swift */,
				F5E7FB3F2A167C9A00018BC0 /* Assets.xcassets */,
				F5E7FB412A167C9A00018BC0 /* Preview Content */,
			);
			path = TelegramApp;
			sourceTree = "<group>";
		};
		F5E7FB412A167C9A00018BC0 /* Preview Content */ = {
			isa = PBXGroup;
			children = (
				F5E7FB422A167C9A00018BC0 /* Preview Assets.xcassets */,
			);
			path = "Preview Content";
			sourceTree = "<group>";
		};
		F5E7FB4B2A167C9A00018BC0 /* TelegramAppTests */ = {
			isa = PBXGroup;
			children = (
				F5E7FB4C2A167C9A00018BC0 /* TelegramAppTests.swift */,
			);
			path = TelegramAppTests;
			sourceTree = "<group>";
		};
		F5E7FB552A167C9A00018BC0 /* TelegramAppUITests */ = {
			isa = PBXGroup;
			children = (
				F5E7FB562A167C9A00018BC0 /* TelegramAppUITests.swift */,
				F5E7FB582A167C9A00018BC0 /* TelegramAppUITestsLaunchTests.swift */,
			);
			path = TelegramAppUITests;
			sourceTree = "<group>";
		};
/* End PBXGroup section */

/* Begin PBXNativeTarget section */
		F5E7FB372A167C9800018BC0 /* TelegramApp */ = {
			isa = PBXNativeTarget;
			buildConfigurationList = F5E7FB5C2A167C9A00018BC0 /* Build configuration list for PBXNativeTarget "TelegramApp" */;
			buildPhases = (
				F5E7FB342A167C9800018BC0 /* Sources */,
				F5E7FB352A167C9800018BC0 /* Frameworks */,
				F5E7FB362A167C9800018BC0 /* Resources */,
			);
			buildRules = (
			);
			dependencies = (
			);
			name = TelegramApp;
			productName = TelegramApp;
			productReference = F5E7FB382A167C9800018BC0 /* TelegramApp.app */;
			productType = "com.apple.product-type.application";
		};
		F5E7FB472A167C9A00018BC0 /* TelegramAppTests */ = {
			isa = PBXNativeTarget;
			buildConfigurationList = F5E7FB5F2A167C9A00018BC0 /* Build configuration list for PBXNativeTarget "TelegramAppTests" */;
			buildPhases = (
				F5E7FB442A167C9A00018BC0 /* Sources */,
				F5E7FB452A167C9A00018BC0 /* Frameworks */,
				F5E7FB462A167C9A00018BC0 /* Resources */,
			);
			buildRules = (
			);
			dependencies = (
				F5E7FB4A2A167C9A00018BC0 /* PBXTargetDependency */,
			);
			name = TelegramAppTests;
			productName = TelegramAppTests;
			productReference = F5E7FB482A167C9A00018BC0 /* TelegramAppTests.xctest */;
			productType = "com.apple.product-type.bundle.unit-test";
		};
		F5E7FB512A167C9A00018BC0 /* TelegramAppUITests */ = {
			isa = PBXNativeTarget;
			buildConfigurationList = F5E7FB622A167C9A00018BC0 /* Build configuration list for PBXNativeTarget "TelegramAppUITests" */;
			buildPhases = (
				F5E7FB4E2A167C9A00018BC0 /* Sources */,
				F5E7FB4F2A167C9A00018BC0 /* Frameworks */,
				F5E7FB502A167C9A00018BC0 /* Resources */,
			);
			buildRules = (
			);
			dependencies = (
				F5E7FB542A167C9A00018BC0 /* PBXTargetDependency */,
			);
			name = TelegramAppUITests;
			productName = TelegramAppUITests;
			productReference = F5E7FB522A167C9A00018BC0 /* TelegramAppUITests.xctest */;
			productType = "com.apple.product-type.bundle.ui-testing";
		};
/* End PBXNativeTarget section */

/* Begin PBXProject section */
		F5E7FB302A167C9800018BC0 /* Project object */ = {
			isa = PBXProject;
			attributes = {
				BuildIndependentTargetsInParallel = 1;
				LastSwiftUpdateCheck = 1430;
				LastUpgradeCheck = 1430;
				TargetAttributes = {
					F5E7FB372A167C9800018BC0 = {
						CreatedOnToolsVersion = 14.3;
					};
					F5E7FB472A167C9A00018BC0 = {
						CreatedOnToolsVersion = 14.3;
						TestTargetID = F5E7FB372A167C9800018BC0;
					};
					F5E7FB512A167C9A00018BC0 = {
						CreatedOnToolsVersion = 14.3;
						TestTargetID = F5E7FB372A167C9800018BC0;
					};
				};
			};
			buildConfigurationList = F5E7FB332A167C9800018BC0 /* Build configuration list for PBXProject "TelegramApp" */;
			compatibilityVersion = "Xcode 14.0";
			developmentRegion = en;
			hasScannedForEncodings = 0;
			knownRegions = (
				en,
				Base,
			);
			mainGroup = F5E7FB2F2A167C9800018BC0;
			productRefGroup = F5E7FB392A167C9800018BC0 /* Products */;
			projectDirPath = "";
			projectRoot = "";
			targets = (
				F5E7FB372A167C9800018BC0 /* TelegramApp */,
				F5E7FB472A167C9A00018BC0 /* TelegramAppTests */,
				F5E7FB512A167C9A00018BC0 /* TelegramAppUITests */,
			);
		};
/* End PBXProject section */

/* Begin PBXResourcesBuildPhase section */
		F5E7FB362A167C9800018BC0 /* Resources */ = {
			isa = PBXResourcesBuildPhase;
			buildActionMask = 2147483647;
			files = (
				F5E7FB432A167C9A00018BC0 /* Preview Assets.xcassets in Resources */,
				F5E7FB402A167C9A00018BC0 /* Assets.xcassets in Resources */,
			);
			runOnlyForDeploymentPostprocessing = 0;
		};
		F5E7FB462A167C9A00018BC0 /* Resources */ = {
			isa = PBXResourcesBuildPhase;
			buildActionMask = 2147483647;
			files = (
			);
			runOnlyForDeploymentPostprocessing = 0;
		};
		F5E7FB502A167C9A00018BC0 /* Resources */ = {
			isa = PBXResourcesBuildPhase;
			buildActionMask = 2147483647;
			files = (
			);
			runOnlyForDeploymentPostprocessing = 0;
		};
/* End PBXResourcesBuildPhase section */

/* Begin PBXSourcesBuildPhase section */
		F5E7FB342A167C9800018BC0 /* Sources */ = {
			isa = PBXSourcesBuildPhase;
			buildActionMask = 2147483647;
			files = (
				F5E7FC5C2A19C4DE00018BC0 /* ImagePicker.swift in Sources */,
				F5E7FB3E2A167C9800018BC0 /* ContentView.swift in Sources */,
				F5E7FC562A18EDB600018BC0 /* ChatsView.swift in Sources */,
				F5E7FC522A18E30A00018BC0 /* HomePage.swift in Sources */,
				F5E7FC502A18D9D800018BC0 /* OtpTextField.swift in Sources */,
				F5E7FC542A18EDA400018BC0 /* ContactsView.swift in Sources */,
				F5E7FC4E2A18D5D300018BC0 /* OtpCode.swift in Sources */,
				F5E7FB6A2A17CA8000018BC0 /* OnBoardingView.swift in Sources */,
				F5E7FB3C2A167C9800018BC0 /* TelegramAppApp.swift in Sources */,
				F5E7FB6C2A17CBA400018BC0 /* OnbordingItem.swift in Sources */,
				F5E7FC582A18EDC400018BC0 /* SettingsView.swift in Sources */,
				F5E7FBA62A181FD700018BC0 /* CountrySearch.swift in Sources */,
				F5E7FB6E2A17E1BE00018BC0 /* StartMessaging.swift in Sources */,
			);
			runOnlyForDeploymentPostprocessing = 0;
		};
		F5E7FB442A167C9A00018BC0 /* Sources */ = {
			isa = PBXSourcesBuildPhase;
			buildActionMask = 2147483647;
			files = (
				F5E7FB4D2A167C9A00018BC0 /* TelegramAppTests.swift in Sources */,
			);
			runOnlyForDeploymentPostprocessing = 0;
		};
		F5E7FB4E2A167C9A00018BC0 /* Sources */ = {
			isa = PBXSourcesBuildPhase;
			buildActionMask = 2147483647;
			files = (
				F5E7FB572A167C9A00018BC0 /* TelegramAppUITests.swift in Sources */,
				F5E7FB592A167C9A00018BC0 /* TelegramAppUITestsLaunchTests.swift in Sources */,
			);
			runOnlyForDeploymentPostprocessing = 0;
		};
/* End PBXSourcesBuildPhase section */

/* Begin PBXTargetDependency section */
		F5E7FB4A2A167C9A00018BC0 /* PBXTargetDependency */ = {
			isa = PBXTargetDependency;
			target = F5E7FB372A167C9800018BC0 /* TelegramApp */;
			targetProxy = F5E7FB492A167C9A00018BC0 /* PBXContainerItemProxy */;
		};
		F5E7FB542A167C9A00018BC0 /* PBXTargetDependency */ = {
			isa = PBXTargetDependency;
			target = F5E7FB372A167C9800018BC0 /* TelegramApp */;
			targetProxy = F5E7FB532A167C9A00018BC0 /* PBXContainerItemProxy */;
		};
/* End PBXTargetDependency section */

/* Begin XCBuildConfiguration section */
		F5E7FB5A2A167C9A00018BC0 /* Debug */ = {
			isa = XCBuildConfiguration;
			buildSettings = {
				ALWAYS_SEARCH_USER_PATHS = NO;
				CLANG_ANALYZER_NONNULL = YES;
				CLANG_ANALYZER_NUMBER_OBJECT_CONVERSION = YES_AGGRESSIVE;
				CLANG_CXX_LANGUAGE_STANDARD = "gnu++20";
				CLANG_ENABLE_MODULES = YES;
				CLANG_ENABLE_OBJC_ARC = YES;
				CLANG_ENABLE_OBJC_WEAK = YES;
				CLANG_WARN_BLOCK_CAPTURE_AUTORELEASING = YES;
				CLANG_WARN_BOOL_CONVERSION = YES;
				CLANG_WARN_COMMA = YES;
				CLANG_WARN_CONSTANT_CONVERSION = YES;
				CLANG_WARN_DEPRECATED_OBJC_IMPLEMENTATIONS = YES;
				CLANG_WARN_DIRECT_OBJC_ISA_USAGE = YES_ERROR;
				CLANG_WARN_DOCUMENTATION_COMMENTS = YES;
				CLANG_WARN_EMPTY_BODY = YES;
				CLANG_WARN_ENUM_CONVERSION = YES;
				CLANG_WARN_INFINITE_RECURSION = YES;
				CLANG_WARN_INT_CONVERSION = YES;
				CLANG_WARN_NON_LITERAL_NULL_CONVERSION = YES;
				CLANG_WARN_OBJC_IMPLICIT_RETAIN_SELF = YES;
				CLANG_WARN_OBJC_LITERAL_CONVERSION = YES;
				CLANG_WARN_OBJC_ROOT_CLASS = YES_ERROR;
				CLANG_WARN_QUOTED_INCLUDE_IN_FRAMEWORK_HEADER = YES;
				CLANG_WARN_RANGE_LOOP_ANALYSIS = YES;
				CLANG_WARN_STRICT_PROTOTYPES = YES;
				CLANG_WARN_SUSPICIOUS_MOVE = YES;
				CLANG_WARN_UNGUARDED_AVAILABILITY = YES_AGGRESSIVE;
				CLANG_WARN_UNREACHABLE_CODE = YES;
				CLANG_WARN__DUPLICATE_METHOD_MATCH = YES;
				COPY_PHASE_STRIP = NO;
				DEBUG_INFORMATION_FORMAT = dwarf;
				ENABLE_STRICT_OBJC_MSGSEND = YES;
				ENABLE_TESTABILITY = YES;
				GCC_C_LANGUAGE_STANDARD = gnu11;
				GCC_DYNAMIC_NO_PIC = NO;
				GCC_NO_COMMON_BLOCKS = YES;
				GCC_OPTIMIZATION_LEVEL = 0;
				GCC_PREPROCESSOR_DEFINITIONS = (
					"DEBUG=1",
					"$(inherited)",
				);
				GCC_WARN_64_TO_32_BIT_CONVERSION = YES;
				GCC_WARN_ABOUT_RETURN_TYPE = YES_ERROR;
				GCC_WARN_UNDECLARED_SELECTOR = YES;
				GCC_WARN_UNINITIALIZED_AUTOS = YES_AGGRESSIVE;
				GCC_WARN_UNUSED_FUNCTION = YES;
				GCC_WARN_UNUSED_VARIABLE = YES;
				IPHONEOS_DEPLOYMENT_TARGET = 16.4;
				MTL_ENABLE_DEBUG_INFO = INCLUDE_SOURCE;
				MTL_FAST_MATH = YES;
				ONLY_ACTIVE_ARCH = YES;
				SDKROOT = iphoneos;
				SWIFT_ACTIVE_COMPILATION_CONDITIONS = DEBUG;
				SWIFT_OPTIMIZATION_LEVEL = "-Onone";
			};
			name = Debug;
		};
		F5E7FB5B2A167C9A00018BC0 /* Release */ = {
			isa = XCBuildConfiguration;
			buildSettings = {
				ALWAYS_SEARCH_USER_PATHS = NO;
				CLANG_ANALYZER_NONNULL = YES;
				CLANG_ANALYZER_NUMBER_OBJECT_CONVERSION = YES_AGGRESSIVE;
				CLANG_CXX_LANGUAGE_STANDARD = "gnu++20";
				CLANG_ENABLE_MODULES = YES;
				CLANG_ENABLE_OBJC_ARC = YES;
				CLANG_ENABLE_OBJC_WEAK = YES;
				CLANG_WARN_BLOCK_CAPTURE_AUTORELEASING = YES;
				CLANG_WARN_BOOL_CONVERSION = YES;
				CLANG_WARN_COMMA = YES;
				CLANG_WARN_CONSTANT_CONVERSION = YES;
				CLANG_WARN_DEPRECATED_OBJC_IMPLEMENTATIONS = YES;
				CLANG_WARN_DIRECT_OBJC_ISA_USAGE = YES_ERROR;
				CLANG_WARN_DOCUMENTATION_COMMENTS = YES;
				CLANG_WARN_EMPTY_BODY = YES;
				CLANG_WARN_ENUM_CONVERSION = YES;
				CLANG_WARN_INFINITE_RECURSION = YES;
				CLANG_WARN_INT_CONVERSION = YES;
				CLANG_WARN_NON_LITERAL_NULL_CONVERSION = YES;
				CLANG_WARN_OBJC_IMPLICIT_RETAIN_SELF = YES;
				CLANG_WARN_OBJC_LITERAL_CONVERSION = YES;
				CLANG_WARN_OBJC_ROOT_CLASS = YES_ERROR;
				CLANG_WARN_QUOTED_INCLUDE_IN_FRAMEWORK_HEADER = YES;
				CLANG_WARN_RANGE_LOOP_ANALYSIS = YES;
				CLANG_WARN_STRICT_PROTOTYPES = YES;
				CLANG_WARN_SUSPICIOUS_MOVE = YES;
				CLANG_WARN_UNGUARDED_AVAILABILITY = YES_AGGRESSIVE;
				CLANG_WARN_UNREACHABLE_CODE = YES;
				CLANG_WARN__DUPLICATE_METHOD_MATCH = YES;
				COPY_PHASE_STRIP = NO;
				DEBUG_INFORMATION_FORMAT = "dwarf-with-dsym";
				ENABLE_NS_ASSERTIONS = NO;
				ENABLE_STRICT_OBJC_MSGSEND = YES;
				GCC_C_LANGUAGE_STANDARD = gnu11;
				GCC_NO_COMMON_BLOCKS = YES;
				GCC_WARN_64_TO_32_BIT_CONVERSION = YES;
				GCC_WARN_ABOUT_RETURN_TYPE = YES_ERROR;
				GCC_WARN_UNDECLARED_SELECTOR = YES;
				GCC_WARN_UNINITIALIZED_AUTOS = YES_AGGRESSIVE;
				GCC_WARN_UNUSED_FUNCTION = YES;
				GCC_WARN_UNUSED_VARIABLE = YES;
				IPHONEOS_DEPLOYMENT_TARGET = 16.4;
				MTL_ENABLE_DEBUG_INFO = NO;
				MTL_FAST_MATH = YES;
				SDKROOT = iphoneos;
				SWIFT_COMPILATION_MODE = wholemodule;
				SWIFT_OPTIMIZATION_LEVEL = "-O";
				VALIDATE_PRODUCT = YES;
			};
			name = Release;
		};
		F5E7FB5D2A167C9A00018BC0 /* Debug */ = {
			isa = XCBuildConfiguration;
			buildSettings = {
				ASSETCATALOG_COMPILER_APPICON_NAME = AppIcon;
				ASSETCATALOG_COMPILER_GLOBAL_ACCENT_COLOR_NAME = AccentColor;
				CODE_SIGN_STYLE = Automatic;
				CURRENT_PROJECT_VERSION = 1;
				DEVELOPMENT_ASSET_PATHS = "\"TelegramApp/Preview Content\"";
				DEVELOPMENT_TEAM = QFP5U2D9MM;
				ENABLE_PREVIEWS = YES;
				GENERATE_INFOPLIST_FILE = YES;
				INFOPLIST_KEY_UIApplicationSceneManifest_Generation = YES;
				INFOPLIST_KEY_UIApplicationSupportsIndirectInputEvents = YES;
				INFOPLIST_KEY_UILaunchScreen_Generation = YES;
				INFOPLIST_KEY_UISupportedInterfaceOrientations_iPad = "UIInterfaceOrientationPortrait UIInterfaceOrientationPortraitUpsideDown UIInterfaceOrientationLandscapeLeft UIInterfaceOrientationLandscapeRight";
				INFOPLIST_KEY_UISupportedInterfaceOrientations_iPhone = "UIInterfaceOrientationPortrait UIInterfaceOrientationLandscapeLeft UIInterfaceOrientationLandscapeRight";
				LD_RUNPATH_SEARCH_PATHS = (
					"$(inherited)",
					"@executable_path/Frameworks",
				);
				MARKETING_VERSION = 1.0;
				PRODUCT_BUNDLE_IDENTIFIER = com.shahad.TelegramApp;
				PRODUCT_NAME = "$(TARGET_NAME)";
				SWIFT_EMIT_LOC_STRINGS = YES;
				SWIFT_VERSION = 5.0;
				TARGETED_DEVICE_FAMILY = "1,2";
			};
			name = Debug;
		};
		F5E7FB5E2A167C9A00018BC0 /* Release */ = {
			isa = XCBuildConfiguration;
			buildSettings = {
				ASSETCATALOG_COMPILER_APPICON_NAME = AppIcon;
				ASSETCATALOG_COMPILER_GLOBAL_ACCENT_COLOR_NAME = AccentColor;
				CODE_SIGN_STYLE = Automatic;
				CURRENT_PROJECT_VERSION = 1;
				DEVELOPMENT_ASSET_PATHS = "\"TelegramApp/Preview Content\"";
				DEVELOPMENT_TEAM = QFP5U2D9MM;
				ENABLE_PREVIEWS = YES;
				GENERATE_INFOPLIST_FILE = YES;
				INFOPLIST_KEY_UIApplicationSceneManifest_Generation = YES;
				INFOPLIST_KEY_UIApplicationSupportsIndirectInputEvents = YES;
				INFOPLIST_KEY_UILaunchScreen_Generation = YES;
				INFOPLIST_KEY_UISupportedInterfaceOrientations_iPad = "UIInterfaceOrientationPortrait UIInterfaceOrientationPortraitUpsideDown UIInterfaceOrientationLandscapeLeft UIInterfaceOrientationLandscapeRight";
				INFOPLIST_KEY_UISupportedInterfaceOrientations_iPhone = "UIInterfaceOrientationPortrait UIInterfaceOrientationLandscapeLeft UIInterfaceOrientationLandscapeRight";
				LD_RUNPATH_SEARCH_PATHS = (
					"$(inherited)",
					"@executable_path/Frameworks",
				);
				MARKETING_VERSION = 1.0;
				PRODUCT_BUNDLE_IDENTIFIER = com.shahad.TelegramApp;
				PRODUCT_NAME = "$(TARGET_NAME)";
				SWIFT_EMIT_LOC_STRINGS = YES;
				SWIFT_VERSION = 5.0;
				TARGETED_DEVICE_FAMILY = "1,2";
			};
			name = Release;
		};
		F5E7FB602A167C9A00018BC0 /* Debug */ = {
			isa = XCBuildConfiguration;
			buildSettings = {
				ALWAYS_EMBED_SWIFT_STANDARD_LIBRARIES = YES;
				BUNDLE_LOADER = "$(TEST_HOST)";
				CODE_SIGN_STYLE = Automatic;
				CURRENT_PROJECT_VERSION = 1;
				DEVELOPMENT_TEAM = QFP5U2D9MM;
				GENERATE_INFOPLIST_FILE = YES;
				IPHONEOS_DEPLOYMENT_TARGET = 16.4;
				MARKETING_VERSION = 1.0;
				PRODUCT_BUNDLE_IDENTIFIER = com.shahad.TelegramAppTests;
				PRODUCT_NAME = "$(TARGET_NAME)";
				SWIFT_EMIT_LOC_STRINGS = NO;
				SWIFT_VERSION = 5.0;
				TARGETED_DEVICE_FAMILY = "1,2";
				TEST_HOST = "$(BUILT_PRODUCTS_DIR)/TelegramApp.app/$(BUNDLE_EXECUTABLE_FOLDER_PATH)/TelegramApp";
			};
			name = Debug;
		};
		F5E7FB612A167C9A00018BC0 /* Release */ = {
			isa = XCBuildConfiguration;
			buildSettings = {
				ALWAYS_EMBED_SWIFT_STANDARD_LIBRARIES = YES;
				BUNDLE_LOADER = "$(TEST_HOST)";
				CODE_SIGN_STYLE = Automatic;
				CURRENT_PROJECT_VERSION = 1;
				DEVELOPMENT_TEAM = QFP5U2D9MM;
				GENERATE_INFOPLIST_FILE = YES;
				IPHONEOS_DEPLOYMENT_TARGET = 16.4;
				MARKETING_VERSION = 1.0;
				PRODUCT_BUNDLE_IDENTIFIER = com.shahad.TelegramAppTests;
				PRODUCT_NAME = "$(TARGET_NAME)";
				SWIFT_EMIT_LOC_STRINGS = NO;
				SWIFT_VERSION = 5.0;
				TARGETED_DEVICE_FAMILY = "1,2";
				TEST_HOST = "$(BUILT_PRODUCTS_DIR)/TelegramApp.app/$(BUNDLE_EXECUTABLE_FOLDER_PATH)/TelegramApp";
			};
			name = Release;
		};
		F5E7FB632A167C9A00018BC0 /* Debug */ = {
			isa = XCBuildConfiguration;
			buildSettings = {
				ALWAYS_EMBED_SWIFT_STANDARD_LIBRARIES = YES;
				CODE_SIGN_STYLE = Automatic;
				CURRENT_PROJECT_VERSION = 1;
				DEVELOPMENT_TEAM = QFP5U2D9MM;
				GENERATE_INFOPLIST_FILE = YES;
				MARKETING_VERSION = 1.0;
				PRODUCT_BUNDLE_IDENTIFIER = com.shahad.TelegramAppUITests;
				PRODUCT_NAME = "$(TARGET_NAME)";
				SWIFT_EMIT_LOC_STRINGS = NO;
				SWIFT_VERSION = 5.0;
				TARGETED_DEVICE_FAMILY = "1,2";
				TEST_TARGET_NAME = TelegramApp;
			};
			name = Debug;
		};
		F5E7FB642A167C9A00018BC0 /* Release */ = {
			isa = XCBuildConfiguration;
			buildSettings = {
				ALWAYS_EMBED_SWIFT_STANDARD_LIBRARIES = YES;
				CODE_SIGN_STYLE = Automatic;
				CURRENT_PROJECT_VERSION = 1;
				DEVELOPMENT_TEAM = QFP5U2D9MM;
				GENERATE_INFOPLIST_FILE = YES;
				MARKETING_VERSION = 1.0;
				PRODUCT_BUNDLE_IDENTIFIER = com.shahad.TelegramAppUITests;
				PRODUCT_NAME = "$(TARGET_NAME)";
				SWIFT_EMIT_LOC_STRINGS = NO;
				SWIFT_VERSION = 5.0;
				TARGETED_DEVICE_FAMILY = "1,2";
				TEST_TARGET_NAME = TelegramApp;
			};
			name = Release;
		};
/* End XCBuildConfiguration section */

/* Begin XCConfigurationList section */
		F5E7FB332A167C9800018BC0 /* Build configuration list for PBXProject "TelegramApp" */ = {
			isa = XCConfigurationList;
			buildConfigurations = (
				F5E7FB5A2A167C9A00018BC0 /* Debug */,
				F5E7FB5B2A167C9A00018BC0 /* Release */,
			);
			defaultConfigurationIsVisible = 0;
			defaultConfigurationName = Release;
		};
		F5E7FB5C2A167C9A00018BC0 /* Build configuration list for PBXNativeTarget "TelegramApp" */ = {
			isa = XCConfigurationList;
			buildConfigurations = (
				F5E7FB5D2A167C9A00018BC0 /* Debug */,
				F5E7FB5E2A167C9A00018BC0 /* Release */,
			);
			defaultConfigurationIsVisible = 0;
			defaultConfigurationName = Release;
		};
		F5E7FB5F2A167C9A00018BC0 /* Build configuration list for PBXNativeTarget "TelegramAppTests" */ = {
			isa = XCConfigurationList;
			buildConfigurations = (
				F5E7FB602A167C9A00018BC0 /* Debug */,
				F5E7FB612A167C9A00018BC0 /* Release */,
			);
			defaultConfigurationIsVisible = 0;
			defaultConfigurationName = Release;
		};
		F5E7FB622A167C9A00018BC0 /* Build configuration list for PBXNativeTarget "TelegramAppUITests" */ = {
			isa = XCConfigurationList;
			buildConfigurations = (
				F5E7FB632A167C9A00018BC0 /* Debug */,
				F5E7FB642A167C9A00018BC0 /* Release */,
			);
			defaultConfigurationIsVisible = 0;
			defaultConfigurationName = Release;
		};
/* End XCConfigurationList section */
	};
	rootObject = F5E7FB302A167C9800018BC0 /* Project object */;
}
